// !$*UTF8*$!
{
	archiveVersion = 1;
	classes = {
	};
	objectVersion = 55;
	objects = {

/* Begin PBXBuildFile section */
		0E0CE7CF2A6EB9050086581C /* GameSettings.swift in Sources */ = {isa = PBXBuildFile; fileRef = 0E0CE7CE2A6EB9050086581C /* GameSettings.swift */; };
		0E0CE7D02A6EB9640086581C /* GameSettings.swift in Sources */ = {isa = PBXBuildFile; fileRef = 0E0CE7CE2A6EB9050086581C /* GameSettings.swift */; };
		0E0CE7D22A6F12B40086581C /* Ruth.swift in Sources */ = {isa = PBXBuildFile; fileRef = 0E0CE7D12A6F12B40086581C /* Ruth.swift */; };
		0E0CE7D42A6F15300086581C /* Esther.swift in Sources */ = {isa = PBXBuildFile; fileRef = 0E0CE7D32A6F15300086581C /* Esther.swift */; };
		0E0CE7D62A6F16900086581C /* Joseph.swift in Sources */ = {isa = PBXBuildFile; fileRef = 0E0CE7D52A6F16900086581C /* Joseph.swift */; };
		0E0CE7D82A6F18990086581C /* Daniel.swift in Sources */ = {isa = PBXBuildFile; fileRef = 0E0CE7D72A6F18990086581C /* Daniel.swift */; };
		0E0CE7D92A6F19ED0086581C /* Joseph.swift in Sources */ = {isa = PBXBuildFile; fileRef = 0E0CE7D52A6F16900086581C /* Joseph.swift */; };
		0E0CE7DA2A6F19ED0086581C /* Daniel.swift in Sources */ = {isa = PBXBuildFile; fileRef = 0E0CE7D72A6F18990086581C /* Daniel.swift */; };
		0E0CE7DB2A6F19ED0086581C /* Ruth.swift in Sources */ = {isa = PBXBuildFile; fileRef = 0E0CE7D12A6F12B40086581C /* Ruth.swift */; };
		0E0CE7DC2A6F19ED0086581C /* Esther.swift in Sources */ = {isa = PBXBuildFile; fileRef = 0E0CE7D32A6F15300086581C /* Esther.swift */; };
		0E3BA4B3288B6D8B009F0ED3 /* Bible_JeopardyApp.swift in Sources */ = {isa = PBXBuildFile; fileRef = 0E3BA4B2288B6D8B009F0ED3 /* Bible_JeopardyApp.swift */; };
		0E3BA4B5288B6D8B009F0ED3 /* ContentView.swift in Sources */ = {isa = PBXBuildFile; fileRef = 0E3BA4B4288B6D8B009F0ED3 /* ContentView.swift */; };
		0E3BA4B7288B6D8C009F0ED3 /* Assets.xcassets in Resources */ = {isa = PBXBuildFile; fileRef = 0E3BA4B6288B6D8C009F0ED3 /* Assets.xcassets */; };
		0E3BA4BA288B6D8C009F0ED3 /* Preview Assets.xcassets in Resources */ = {isa = PBXBuildFile; fileRef = 0E3BA4B9288B6D8C009F0ED3 /* Preview Assets.xcassets */; };
		0E3BA4C1288B72B3009F0ED3 /* GameBoardView.swift in Sources */ = {isa = PBXBuildFile; fileRef = 0E3BA4C0288B72B3009F0ED3 /* GameBoardView.swift */; };
		0E3BA4C3288B7555009F0ED3 /* Question.swift in Sources */ = {isa = PBXBuildFile; fileRef = 0E3BA4C2288B7555009F0ED3 /* Question.swift */; };
		0E3BA4C5288B75C6009F0ED3 /* Category.swift in Sources */ = {isa = PBXBuildFile; fileRef = 0E3BA4C4288B75C6009F0ED3 /* Category.swift */; };
		0E3BA4C7288B7C53009F0ED3 /* TitleView.swift in Sources */ = {isa = PBXBuildFile; fileRef = 0E3BA4C6288B7C52009F0ED3 /* TitleView.swift */; };
		0E3BA4CA288B7F67009F0ED3 /* AngelsAndDemons.swift in Sources */ = {isa = PBXBuildFile; fileRef = 0E3BA4C9288B7F67009F0ED3 /* AngelsAndDemons.swift */; };
		0E3BA4CC288D7EA3009F0ED3 /* BeforeIsrael.swift in Sources */ = {isa = PBXBuildFile; fileRef = 0E3BA4CB288D7EA3009F0ED3 /* BeforeIsrael.swift */; };
		0E3BA4CE288D7ED2009F0ED3 /* BibleQuotes.swift in Sources */ = {isa = PBXBuildFile; fileRef = 0E3BA4CD288D7ED2009F0ED3 /* BibleQuotes.swift */; };
		0E3BA4D0288D7EF5009F0ED3 /* BooksOfTheBible.swift in Sources */ = {isa = PBXBuildFile; fileRef = 0E3BA4CF288D7EF5009F0ED3 /* BooksOfTheBible.swift */; };
		0E3BA4D2288D7F13009F0ED3 /* Creation.swift in Sources */ = {isa = PBXBuildFile; fileRef = 0E3BA4D1288D7F13009F0ED3 /* Creation.swift */; };
		0E3BA4D4288D7F30009F0ED3 /* DavidAndSolomon.swift in Sources */ = {isa = PBXBuildFile; fileRef = 0E3BA4D3288D7F30009F0ED3 /* DavidAndSolomon.swift */; };
		0E3BA4D6288D7F4C009F0ED3 /* EndTimes.swift in Sources */ = {isa = PBXBuildFile; fileRef = 0E3BA4D5288D7F4C009F0ED3 /* EndTimes.swift */; };
		0E3BA4D8288D7F64009F0ED3 /* Exodus.swift in Sources */ = {isa = PBXBuildFile; fileRef = 0E3BA4D7288D7F64009F0ED3 /* Exodus.swift */; };
		0E3BA4DA288D7F82009F0ED3 /* BibleHeroes.swift in Sources */ = {isa = PBXBuildFile; fileRef = 0E3BA4D9288D7F82009F0ED3 /* BibleHeroes.swift */; };
		0E3BA4DC288D7FB6009F0ED3 /* NameThatHymn.swift in Sources */ = {isa = PBXBuildFile; fileRef = 0E3BA4DB288D7FB6009F0ED3 /* NameThatHymn.swift */; };
		0E3BA4DE288D7FD7009F0ED3 /* Israel.swift in Sources */ = {isa = PBXBuildFile; fileRef = 0E3BA4DD288D7FD7009F0ED3 /* Israel.swift */; };
		0E3BA4E0288D7FF1009F0ED3 /* LifeOfJesus.swift in Sources */ = {isa = PBXBuildFile; fileRef = 0E3BA4DF288D7FF1009F0ED3 /* LifeOfJesus.swift */; };
		0E3BA4E2288D800C009F0ED3 /* Miracles.swift in Sources */ = {isa = PBXBuildFile; fileRef = 0E3BA4E1288D800C009F0ED3 /* Miracles.swift */; };
		0E3BA4E4288D8024009F0ED3 /* NewTestament.swift in Sources */ = {isa = PBXBuildFile; fileRef = 0E3BA4E3288D8024009F0ED3 /* NewTestament.swift */; };
		0E3BA4E6288D803E009F0ED3 /* Places.swift in Sources */ = {isa = PBXBuildFile; fileRef = 0E3BA4E5288D803E009F0ED3 /* Places.swift */; };
		0E3BA4E8288D805B009F0ED3 /* Prophesy.swift in Sources */ = {isa = PBXBuildFile; fileRef = 0E3BA4E7288D805B009F0ED3 /* Prophesy.swift */; };
		0E3BA4EA288D96E6009F0ED3 /* Hymn.swift in Sources */ = {isa = PBXBuildFile; fileRef = 0E3BA4E9288D96E6009F0ED3 /* Hymn.swift */; };
		0E3BA4F6288D9C7F009F0ED3 /* howLovelyAreThyDwellings.mp3 in Resources */ = {isa = PBXBuildFile; fileRef = 0E3BA4EC288D9C7F009F0ED3 /* howLovelyAreThyDwellings.mp3 */; };
		0E3BA4F7288D9C7F009F0ED3 /* battleHymnOfTheRepublic.mp3 in Resources */ = {isa = PBXBuildFile; fileRef = 0E3BA4ED288D9C7F009F0ED3 /* battleHymnOfTheRepublic.mp3 */; };
		0E3BA4F8288D9C7F009F0ED3 /* itWontBeLongNow.mp3 in Resources */ = {isa = PBXBuildFile; fileRef = 0E3BA4EE288D9C7F009F0ED3 /* itWontBeLongNow.mp3 */; };
		0E3BA4F9288D9C7F009F0ED3 /* theLordIsMyShepherd.mp3 in Resources */ = {isa = PBXBuildFile; fileRef = 0E3BA4EF288D9C7F009F0ED3 /* theLordIsMyShepherd.mp3 */; };
		0E3BA4FA288D9C7F009F0ED3 /* godSpeaksToUs.mp3 in Resources */ = {isa = PBXBuildFile; fileRef = 0E3BA4F0288D9C7F009F0ED3 /* godSpeaksToUs.mp3 */; };
		0E3BA4FB288D9C7F009F0ED3 /* byTheWatersOfBabylon.mp3 in Resources */ = {isa = PBXBuildFile; fileRef = 0E3BA4F1288D9C7F009F0ED3 /* byTheWatersOfBabylon.mp3 */; };
		0E3BA4FC288D9C7F009F0ED3 /* holyMightyMajesty.mp3 in Resources */ = {isa = PBXBuildFile; fileRef = 0E3BA4F2288D9C7F009F0ED3 /* holyMightyMajesty.mp3 */; };
		0E3BA4FD288D9C7F009F0ED3 /* howGoodAndHowPleasant.mp3 in Resources */ = {isa = PBXBuildFile; fileRef = 0E3BA4F3288D9C7F009F0ED3 /* howGoodAndHowPleasant.mp3 */; };
		0E3BA4FE288D9C7F009F0ED3 /* blowTheHornLetZionHear.mp3 in Resources */ = {isa = PBXBuildFile; fileRef = 0E3BA4F4288D9C7F009F0ED3 /* blowTheHornLetZionHear.mp3 */; };
		0E3BA4FF288D9C7F009F0ED3 /* blestAndHappyIsTheMan.mp3 in Resources */ = {isa = PBXBuildFile; fileRef = 0E3BA4F5288D9C7F009F0ED3 /* blestAndHappyIsTheMan.mp3 */; };
		0E530C0C2A7178CF00FAB6D4 /* GameManager.swift in Sources */ = {isa = PBXBuildFile; fileRef = 0E530C0B2A7178CF00FAB6D4 /* GameManager.swift */; };
		0E530C0E2A7186E500FAB6D4 /* ManagerContentView.swift in Sources */ = {isa = PBXBuildFile; fileRef = 0E530C0D2A7186E500FAB6D4 /* ManagerContentView.swift */; };
		0E530C102A7187F700FAB6D4 /* ManagerGameBoardView.swift in Sources */ = {isa = PBXBuildFile; fileRef = 0E530C0F2A7187F700FAB6D4 /* ManagerGameBoardView.swift */; };
		0E530C122A71894700FAB6D4 /* SelectedCategoriesListView.swift in Sources */ = {isa = PBXBuildFile; fileRef = 0E530C112A71894700FAB6D4 /* SelectedCategoriesListView.swift */; };
		0E566F30288EBE9E0091B8A5 /* ContentView.swift in Sources */ = {isa = PBXBuildFile; fileRef = 0E566F2F288EBE9E0091B8A5 /* ContentView.swift */; };
		0E566F32288EBED20091B8A5 /* GameBoardView.swift in Sources */ = {isa = PBXBuildFile; fileRef = 0E566F31288EBED20091B8A5 /* GameBoardView.swift */; };
		0E566F34288EBEDA0091B8A5 /* TitleView.swift in Sources */ = {isa = PBXBuildFile; fileRef = 0E566F33288EBEDA0091B8A5 /* TitleView.swift */; };
		0E566F36288EBEEB0091B8A5 /* MultiSelectPickerView.swift in Sources */ = {isa = PBXBuildFile; fileRef = 0E566F35288EBEEB0091B8A5 /* MultiSelectPickerView.swift */; };
		0EA68E47288E27D00024CC4C /* achievementChime.mp3 in Resources */ = {isa = PBXBuildFile; fileRef = 0EA68E46288E27D00024CC4C /* achievementChime.mp3 */; };
		0EA68E48288E27D00024CC4C /* achievementChime.mp3 in Resources */ = {isa = PBXBuildFile; fileRef = 0EA68E46288E27D00024CC4C /* achievementChime.mp3 */; };
		0EC12C64288DCCEC00DA40AE /* MultiSelectPickerView.swift in Sources */ = {isa = PBXBuildFile; fileRef = 0EC12C63288DCCEC00DA40AE /* MultiSelectPickerView.swift */; };
		0EE46DE0288DFBB400B17D91 /* byThisShallAllMenKnow.mp3 in Resources */ = {isa = PBXBuildFile; fileRef = 0EE46DDF288DFBB400B17D91 /* byThisShallAllMenKnow.mp3 */; };
		0EE46DF0288E147F00B17D91 /* Preview Assets.xcassets in Resources */ = {isa = PBXBuildFile; fileRef = 0EE46DEF288E147F00B17D91 /* Preview Assets.xcassets */; };
		0EE46DF5288E14D700B17D91 /* BeforeIsrael.swift in Sources */ = {isa = PBXBuildFile; fileRef = 0E3BA4CB288D7EA3009F0ED3 /* BeforeIsrael.swift */; };
		0EE46DF6288E14D700B17D91 /* Miracles.swift in Sources */ = {isa = PBXBuildFile; fileRef = 0E3BA4E1288D800C009F0ED3 /* Miracles.swift */; };
		0EE46DF7288E14D700B17D91 /* Exodus.swift in Sources */ = {isa = PBXBuildFile; fileRef = 0E3BA4D7288D7F64009F0ED3 /* Exodus.swift */; };
		0EE46DF8288E14D700B17D91 /* howGoodAndHowPleasant.mp3 in Resources */ = {isa = PBXBuildFile; fileRef = 0E3BA4F3288D9C7F009F0ED3 /* howGoodAndHowPleasant.mp3 */; };
		0EE46DF9288E14D700B17D91 /* NewTestament.swift in Sources */ = {isa = PBXBuildFile; fileRef = 0E3BA4E3288D8024009F0ED3 /* NewTestament.swift */; };
		0EE46DFA288E14D700B17D91 /* Creation.swift in Sources */ = {isa = PBXBuildFile; fileRef = 0E3BA4D1288D7F13009F0ED3 /* Creation.swift */; };
		0EE46DFC288E14D700B17D91 /* Category.swift in Sources */ = {isa = PBXBuildFile; fileRef = 0E3BA4C4288B75C6009F0ED3 /* Category.swift */; };
		0EE46DFD288E14D700B17D91 /* BibleQuotes.swift in Sources */ = {isa = PBXBuildFile; fileRef = 0E3BA4CD288D7ED2009F0ED3 /* BibleQuotes.swift */; };
		0EE46DFE288E14D700B17D91 /* BibleHeroes.swift in Sources */ = {isa = PBXBuildFile; fileRef = 0E3BA4D9288D7F82009F0ED3 /* BibleHeroes.swift */; };
		0EE46DFF288E14D700B17D91 /* Bible_JeopardyApp.swift in Sources */ = {isa = PBXBuildFile; fileRef = 0E3BA4B2288B6D8B009F0ED3 /* Bible_JeopardyApp.swift */; };
		0EE46E01288E14D700B17D91 /* Israel.swift in Sources */ = {isa = PBXBuildFile; fileRef = 0E3BA4DD288D7FD7009F0ED3 /* Israel.swift */; };
		0EE46E02288E14D700B17D91 /* itWontBeLongNow.mp3 in Resources */ = {isa = PBXBuildFile; fileRef = 0E3BA4EE288D9C7F009F0ED3 /* itWontBeLongNow.mp3 */; };
		0EE46E03288E14D700B17D91 /* byThisShallAllMenKnow.mp3 in Resources */ = {isa = PBXBuildFile; fileRef = 0EE46DDF288DFBB400B17D91 /* byThisShallAllMenKnow.mp3 */; };
		0EE46E04288E14D700B17D91 /* Prophesy.swift in Sources */ = {isa = PBXBuildFile; fileRef = 0E3BA4E7288D805B009F0ED3 /* Prophesy.swift */; };
		0EE46E06288E14D700B17D91 /* Hymn.swift in Sources */ = {isa = PBXBuildFile; fileRef = 0E3BA4E9288D96E6009F0ED3 /* Hymn.swift */; };
		0EE46E07288E14D700B17D91 /* blowTheHornLetZionHear.mp3 in Resources */ = {isa = PBXBuildFile; fileRef = 0E3BA4F4288D9C7F009F0ED3 /* blowTheHornLetZionHear.mp3 */; };
		0EE46E08288E14D700B17D91 /* howLovelyAreThyDwellings.mp3 in Resources */ = {isa = PBXBuildFile; fileRef = 0E3BA4EC288D9C7F009F0ED3 /* howLovelyAreThyDwellings.mp3 */; };
		0EE46E09288E14D700B17D91 /* Places.swift in Sources */ = {isa = PBXBuildFile; fileRef = 0E3BA4E5288D803E009F0ED3 /* Places.swift */; };
		0EE46E0A288E14D700B17D91 /* blestAndHappyIsTheMan.mp3 in Resources */ = {isa = PBXBuildFile; fileRef = 0E3BA4F5288D9C7F009F0ED3 /* blestAndHappyIsTheMan.mp3 */; };
		0EE46E0B288E14D700B17D91 /* NameThatHymn.swift in Sources */ = {isa = PBXBuildFile; fileRef = 0E3BA4DB288D7FB6009F0ED3 /* NameThatHymn.swift */; };
		0EE46E0C288E14D700B17D91 /* Question.swift in Sources */ = {isa = PBXBuildFile; fileRef = 0E3BA4C2288B7555009F0ED3 /* Question.swift */; };
		0EE46E0D288E14D700B17D91 /* godSpeaksToUs.mp3 in Resources */ = {isa = PBXBuildFile; fileRef = 0E3BA4F0288D9C7F009F0ED3 /* godSpeaksToUs.mp3 */; };
		0EE46E0E288E14D700B17D91 /* theLordIsMyShepherd.mp3 in Resources */ = {isa = PBXBuildFile; fileRef = 0E3BA4EF288D9C7F009F0ED3 /* theLordIsMyShepherd.mp3 */; };
		0EE46E0F288E14D700B17D91 /* EndTimes.swift in Sources */ = {isa = PBXBuildFile; fileRef = 0E3BA4D5288D7F4C009F0ED3 /* EndTimes.swift */; };
		0EE46E10288E14D700B17D91 /* holyMightyMajesty.mp3 in Resources */ = {isa = PBXBuildFile; fileRef = 0E3BA4F2288D9C7F009F0ED3 /* holyMightyMajesty.mp3 */; };
		0EE46E11288E14D700B17D91 /* battleHymnOfTheRepublic.mp3 in Resources */ = {isa = PBXBuildFile; fileRef = 0E3BA4ED288D9C7F009F0ED3 /* battleHymnOfTheRepublic.mp3 */; };
		0EE46E13288E14D700B17D91 /* AngelsAndDemons.swift in Sources */ = {isa = PBXBuildFile; fileRef = 0E3BA4C9288B7F67009F0ED3 /* AngelsAndDemons.swift */; };
		0EE46E14288E14D700B17D91 /* BooksOfTheBible.swift in Sources */ = {isa = PBXBuildFile; fileRef = 0E3BA4CF288D7EF5009F0ED3 /* BooksOfTheBible.swift */; };
		0EE46E15288E14D700B17D91 /* DavidAndSolomon.swift in Sources */ = {isa = PBXBuildFile; fileRef = 0E3BA4D3288D7F30009F0ED3 /* DavidAndSolomon.swift */; };
		0EE46E16288E14D700B17D91 /* LifeOfJesus.swift in Sources */ = {isa = PBXBuildFile; fileRef = 0E3BA4DF288D7FF1009F0ED3 /* LifeOfJesus.swift */; };
		0EE46E17288E14D700B17D91 /* byTheWatersOfBabylon.mp3 in Resources */ = {isa = PBXBuildFile; fileRef = 0E3BA4F1288D9C7F009F0ED3 /* byTheWatersOfBabylon.mp3 */; };
		0EE46E1A288E153600B17D91 /* Assets.xcassets in Resources */ = {isa = PBXBuildFile; fileRef = 0EE46E19288E153600B17D91 /* Assets.xcassets */; };
/* End PBXBuildFile section */

/* Begin PBXFileReference section */
		0E0CE7CE2A6EB9050086581C /* GameSettings.swift */ = {isa = PBXFileReference; lastKnownFileType = sourcecode.swift; path = GameSettings.swift; sourceTree = "<group>"; };
		0E0CE7D12A6F12B40086581C /* Ruth.swift */ = {isa = PBXFileReference; lastKnownFileType = sourcecode.swift; path = Ruth.swift; sourceTree = "<group>"; };
		0E0CE7D32A6F15300086581C /* Esther.swift */ = {isa = PBXFileReference; lastKnownFileType = sourcecode.swift; path = Esther.swift; sourceTree = "<group>"; };
		0E0CE7D52A6F16900086581C /* Joseph.swift */ = {isa = PBXFileReference; lastKnownFileType = sourcecode.swift; path = Joseph.swift; sourceTree = "<group>"; };
		0E0CE7D72A6F18990086581C /* Daniel.swift */ = {isa = PBXFileReference; lastKnownFileType = sourcecode.swift; path = Daniel.swift; sourceTree = "<group>"; };
		0E3BA4AF288B6D8B009F0ED3 /* Bible Jeopardy.app */ = {isa = PBXFileReference; explicitFileType = wrapper.application; includeInIndex = 0; path = "Bible Jeopardy.app"; sourceTree = BUILT_PRODUCTS_DIR; };
		0E3BA4B2288B6D8B009F0ED3 /* Bible_JeopardyApp.swift */ = {isa = PBXFileReference; lastKnownFileType = sourcecode.swift; path = Bible_JeopardyApp.swift; sourceTree = "<group>"; };
		0E3BA4B4288B6D8B009F0ED3 /* ContentView.swift */ = {isa = PBXFileReference; lastKnownFileType = sourcecode.swift; path = ContentView.swift; sourceTree = "<group>"; };
		0E3BA4B6288B6D8C009F0ED3 /* Assets.xcassets */ = {isa = PBXFileReference; lastKnownFileType = folder.assetcatalog; path = Assets.xcassets; sourceTree = "<group>"; };
		0E3BA4B9288B6D8C009F0ED3 /* Preview Assets.xcassets */ = {isa = PBXFileReference; lastKnownFileType = folder.assetcatalog; path = "Preview Assets.xcassets"; sourceTree = "<group>"; };
		0E3BA4C0288B72B3009F0ED3 /* GameBoardView.swift */ = {isa = PBXFileReference; lastKnownFileType = sourcecode.swift; path = GameBoardView.swift; sourceTree = "<group>"; };
		0E3BA4C2288B7555009F0ED3 /* Question.swift */ = {isa = PBXFileReference; lastKnownFileType = sourcecode.swift; path = Question.swift; sourceTree = "<group>"; };
		0E3BA4C4288B75C6009F0ED3 /* Category.swift */ = {isa = PBXFileReference; lastKnownFileType = sourcecode.swift; path = Category.swift; sourceTree = "<group>"; };
		0E3BA4C6288B7C52009F0ED3 /* TitleView.swift */ = {isa = PBXFileReference; lastKnownFileType = sourcecode.swift; path = TitleView.swift; sourceTree = "<group>"; };
		0E3BA4C9288B7F67009F0ED3 /* AngelsAndDemons.swift */ = {isa = PBXFileReference; lastKnownFileType = sourcecode.swift; path = AngelsAndDemons.swift; sourceTree = "<group>"; };
		0E3BA4CB288D7EA3009F0ED3 /* BeforeIsrael.swift */ = {isa = PBXFileReference; lastKnownFileType = sourcecode.swift; path = BeforeIsrael.swift; sourceTree = "<group>"; };
		0E3BA4CD288D7ED2009F0ED3 /* BibleQuotes.swift */ = {isa = PBXFileReference; lastKnownFileType = sourcecode.swift; path = BibleQuotes.swift; sourceTree = "<group>"; };
		0E3BA4CF288D7EF5009F0ED3 /* BooksOfTheBible.swift */ = {isa = PBXFileReference; lastKnownFileType = sourcecode.swift; path = BooksOfTheBible.swift; sourceTree = "<group>"; };
		0E3BA4D1288D7F13009F0ED3 /* Creation.swift */ = {isa = PBXFileReference; lastKnownFileType = sourcecode.swift; path = Creation.swift; sourceTree = "<group>"; };
		0E3BA4D3288D7F30009F0ED3 /* DavidAndSolomon.swift */ = {isa = PBXFileReference; lastKnownFileType = sourcecode.swift; path = DavidAndSolomon.swift; sourceTree = "<group>"; };
		0E3BA4D5288D7F4C009F0ED3 /* EndTimes.swift */ = {isa = PBXFileReference; lastKnownFileType = sourcecode.swift; path = EndTimes.swift; sourceTree = "<group>"; };
		0E3BA4D7288D7F64009F0ED3 /* Exodus.swift */ = {isa = PBXFileReference; lastKnownFileType = sourcecode.swift; path = Exodus.swift; sourceTree = "<group>"; };
		0E3BA4D9288D7F82009F0ED3 /* BibleHeroes.swift */ = {isa = PBXFileReference; lastKnownFileType = sourcecode.swift; path = BibleHeroes.swift; sourceTree = "<group>"; };
		0E3BA4DB288D7FB6009F0ED3 /* NameThatHymn.swift */ = {isa = PBXFileReference; lastKnownFileType = sourcecode.swift; path = NameThatHymn.swift; sourceTree = "<group>"; };
		0E3BA4DD288D7FD7009F0ED3 /* Israel.swift */ = {isa = PBXFileReference; lastKnownFileType = sourcecode.swift; path = Israel.swift; sourceTree = "<group>"; };
		0E3BA4DF288D7FF1009F0ED3 /* LifeOfJesus.swift */ = {isa = PBXFileReference; lastKnownFileType = sourcecode.swift; path = LifeOfJesus.swift; sourceTree = "<group>"; };
		0E3BA4E1288D800C009F0ED3 /* Miracles.swift */ = {isa = PBXFileReference; lastKnownFileType = sourcecode.swift; path = Miracles.swift; sourceTree = "<group>"; };
		0E3BA4E3288D8024009F0ED3 /* NewTestament.swift */ = {isa = PBXFileReference; lastKnownFileType = sourcecode.swift; path = NewTestament.swift; sourceTree = "<group>"; };
		0E3BA4E5288D803E009F0ED3 /* Places.swift */ = {isa = PBXFileReference; lastKnownFileType = sourcecode.swift; path = Places.swift; sourceTree = "<group>"; };
		0E3BA4E7288D805B009F0ED3 /* Prophesy.swift */ = {isa = PBXFileReference; lastKnownFileType = sourcecode.swift; path = Prophesy.swift; sourceTree = "<group>"; };
		0E3BA4E9288D96E6009F0ED3 /* Hymn.swift */ = {isa = PBXFileReference; lastKnownFileType = sourcecode.swift; path = Hymn.swift; sourceTree = "<group>"; };
		0E3BA4EC288D9C7F009F0ED3 /* howLovelyAreThyDwellings.mp3 */ = {isa = PBXFileReference; lastKnownFileType = audio.mp3; path = howLovelyAreThyDwellings.mp3; sourceTree = "<group>"; };
		0E3BA4ED288D9C7F009F0ED3 /* battleHymnOfTheRepublic.mp3 */ = {isa = PBXFileReference; lastKnownFileType = audio.mp3; path = battleHymnOfTheRepublic.mp3; sourceTree = "<group>"; };
		0E3BA4EE288D9C7F009F0ED3 /* itWontBeLongNow.mp3 */ = {isa = PBXFileReference; lastKnownFileType = audio.mp3; path = itWontBeLongNow.mp3; sourceTree = "<group>"; };
		0E3BA4EF288D9C7F009F0ED3 /* theLordIsMyShepherd.mp3 */ = {isa = PBXFileReference; lastKnownFileType = audio.mp3; path = theLordIsMyShepherd.mp3; sourceTree = "<group>"; };
		0E3BA4F0288D9C7F009F0ED3 /* godSpeaksToUs.mp3 */ = {isa = PBXFileReference; lastKnownFileType = audio.mp3; path = godSpeaksToUs.mp3; sourceTree = "<group>"; };
		0E3BA4F1288D9C7F009F0ED3 /* byTheWatersOfBabylon.mp3 */ = {isa = PBXFileReference; lastKnownFileType = audio.mp3; path = byTheWatersOfBabylon.mp3; sourceTree = "<group>"; };
		0E3BA4F2288D9C7F009F0ED3 /* holyMightyMajesty.mp3 */ = {isa = PBXFileReference; lastKnownFileType = audio.mp3; path = holyMightyMajesty.mp3; sourceTree = "<group>"; };
		0E3BA4F3288D9C7F009F0ED3 /* howGoodAndHowPleasant.mp3 */ = {isa = PBXFileReference; lastKnownFileType = audio.mp3; path = howGoodAndHowPleasant.mp3; sourceTree = "<group>"; };
		0E3BA4F4288D9C7F009F0ED3 /* blowTheHornLetZionHear.mp3 */ = {isa = PBXFileReference; lastKnownFileType = audio.mp3; path = blowTheHornLetZionHear.mp3; sourceTree = "<group>"; };
		0E3BA4F5288D9C7F009F0ED3 /* blestAndHappyIsTheMan.mp3 */ = {isa = PBXFileReference; lastKnownFileType = audio.mp3; path = blestAndHappyIsTheMan.mp3; sourceTree = "<group>"; };
		0E530C0B2A7178CF00FAB6D4 /* GameManager.swift */ = {isa = PBXFileReference; lastKnownFileType = sourcecode.swift; path = GameManager.swift; sourceTree = "<group>"; };
		0E530C0D2A7186E500FAB6D4 /* ManagerContentView.swift */ = {isa = PBXFileReference; lastKnownFileType = sourcecode.swift; path = ManagerContentView.swift; sourceTree = "<group>"; };
		0E530C0F2A7187F700FAB6D4 /* ManagerGameBoardView.swift */ = {isa = PBXFileReference; lastKnownFileType = sourcecode.swift; path = ManagerGameBoardView.swift; sourceTree = "<group>"; };
		0E530C112A71894700FAB6D4 /* SelectedCategoriesListView.swift */ = {isa = PBXFileReference; lastKnownFileType = sourcecode.swift; path = SelectedCategoriesListView.swift; sourceTree = "<group>"; };
		0E566F2F288EBE9E0091B8A5 /* ContentView.swift */ = {isa = PBXFileReference; lastKnownFileType = sourcecode.swift; path = ContentView.swift; sourceTree = "<group>"; };
		0E566F31288EBED20091B8A5 /* GameBoardView.swift */ = {isa = PBXFileReference; lastKnownFileType = sourcecode.swift; path = GameBoardView.swift; sourceTree = "<group>"; };
		0E566F33288EBEDA0091B8A5 /* TitleView.swift */ = {isa = PBXFileReference; lastKnownFileType = sourcecode.swift; path = TitleView.swift; sourceTree = "<group>"; };
		0E566F35288EBEEB0091B8A5 /* MultiSelectPickerView.swift */ = {isa = PBXFileReference; lastKnownFileType = sourcecode.swift; path = MultiSelectPickerView.swift; sourceTree = "<group>"; };
		0EA68E46288E27D00024CC4C /* achievementChime.mp3 */ = {isa = PBXFileReference; lastKnownFileType = audio.mp3; path = achievementChime.mp3; sourceTree = "<group>"; };
		0EC12C63288DCCEC00DA40AE /* MultiSelectPickerView.swift */ = {isa = PBXFileReference; lastKnownFileType = sourcecode.swift; path = MultiSelectPickerView.swift; sourceTree = "<group>"; };
		0EE46DDF288DFBB400B17D91 /* byThisShallAllMenKnow.mp3 */ = {isa = PBXFileReference; lastKnownFileType = audio.mp3; path = byThisShallAllMenKnow.mp3; sourceTree = "<group>"; };
		0EE46DE6288E147D00B17D91 /* Bible Jeopardy.app */ = {isa = PBXFileReference; explicitFileType = wrapper.application; includeInIndex = 0; path = "Bible Jeopardy.app"; sourceTree = BUILT_PRODUCTS_DIR; };
		0EE46DEF288E147F00B17D91 /* Preview Assets.xcassets */ = {isa = PBXFileReference; lastKnownFileType = folder.assetcatalog; path = "Preview Assets.xcassets"; sourceTree = "<group>"; };
		0EE46DF1288E147F00B17D91 /* Mac_Bible_Jeopardy.entitlements */ = {isa = PBXFileReference; lastKnownFileType = text.plist.entitlements; path = Mac_Bible_Jeopardy.entitlements; sourceTree = "<group>"; };
		0EE46E19288E153600B17D91 /* Assets.xcassets */ = {isa = PBXFileReference; lastKnownFileType = folder.assetcatalog; path = Assets.xcassets; sourceTree = "<group>"; };
/* End PBXFileReference section */

/* Begin PBXFrameworksBuildPhase section */
		0E3BA4AC288B6D8B009F0ED3 /* Frameworks */ = {
			isa = PBXFrameworksBuildPhase;
			buildActionMask = 2147483647;
			files = (
			);
			runOnlyForDeploymentPostprocessing = 0;
		};
		0EE46DE3288E147D00B17D91 /* Frameworks */ = {
			isa = PBXFrameworksBuildPhase;
			buildActionMask = 2147483647;
			files = (
			);
			runOnlyForDeploymentPostprocessing = 0;
		};
/* End PBXFrameworksBuildPhase section */

/* Begin PBXGroup section */
		0E3BA4A6288B6D8B009F0ED3 = {
			isa = PBXGroup;
			children = (
				0E3BA4B1288B6D8B009F0ED3 /* Bible Jeopardy */,
				0EE46DE7288E147D00B17D91 /* Mac Bible Jeopardy */,
				0E3BA4B0288B6D8B009F0ED3 /* Products */,
			);
			sourceTree = "<group>";
		};
		0E3BA4B0288B6D8B009F0ED3 /* Products */ = {
			isa = PBXGroup;
			children = (
				0E3BA4AF288B6D8B009F0ED3 /* Bible Jeopardy.app */,
				0EE46DE6288E147D00B17D91 /* Bible Jeopardy.app */,
			);
			name = Products;
			sourceTree = "<group>";
		};
		0E3BA4B1288B6D8B009F0ED3 /* Bible Jeopardy */ = {
			isa = PBXGroup;
			children = (
				0E3BA4B2288B6D8B009F0ED3 /* Bible_JeopardyApp.swift */,
				0E3BA4B4288B6D8B009F0ED3 /* ContentView.swift */,
				0E3BA4C0288B72B3009F0ED3 /* GameBoardView.swift */,
				0E3BA4C6288B7C52009F0ED3 /* TitleView.swift */,
				0EC12C63288DCCEC00DA40AE /* MultiSelectPickerView.swift */,
				0E3BA4C4288B75C6009F0ED3 /* Category.swift */,
				0E3BA4C2288B7555009F0ED3 /* Question.swift */,
				0E3BA4E9288D96E6009F0ED3 /* Hymn.swift */,
				0E0CE7CE2A6EB9050086581C /* GameSettings.swift */,
				0E3BA4C8288B7F49009F0ED3 /* Categories */,
				0E3BA4EB288D9C5F009F0ED3 /* Hymns */,
				0EE46DE1288E13C700B17D91 /* Sound Effects */,
				0E3BA4B6288B6D8C009F0ED3 /* Assets.xcassets */,
				0E3BA4B8288B6D8C009F0ED3 /* Preview Content */,
			);
			path = "Bible Jeopardy";
			sourceTree = "<group>";
		};
		0E3BA4B8288B6D8C009F0ED3 /* Preview Content */ = {
			isa = PBXGroup;
			children = (
				0E3BA4B9288B6D8C009F0ED3 /* Preview Assets.xcassets */,
			);
			path = "Preview Content";
			sourceTree = "<group>";
		};
		0E3BA4C8288B7F49009F0ED3 /* Categories */ = {
			isa = PBXGroup;
			children = (
				0E3BA4C9288B7F67009F0ED3 /* AngelsAndDemons.swift */,
				0E3BA4CB288D7EA3009F0ED3 /* BeforeIsrael.swift */,
				0E3BA4CD288D7ED2009F0ED3 /* BibleQuotes.swift */,
				0E3BA4CF288D7EF5009F0ED3 /* BooksOfTheBible.swift */,
				0E3BA4D1288D7F13009F0ED3 /* Creation.swift */,
				0E3BA4D3288D7F30009F0ED3 /* DavidAndSolomon.swift */,
				0E3BA4D5288D7F4C009F0ED3 /* EndTimes.swift */,
				0E3BA4D7288D7F64009F0ED3 /* Exodus.swift */,
				0E3BA4D9288D7F82009F0ED3 /* BibleHeroes.swift */,
				0E3BA4DD288D7FD7009F0ED3 /* Israel.swift */,
				0E3BA4DF288D7FF1009F0ED3 /* LifeOfJesus.swift */,
				0E3BA4E1288D800C009F0ED3 /* Miracles.swift */,
				0E3BA4DB288D7FB6009F0ED3 /* NameThatHymn.swift */,
				0E3BA4E3288D8024009F0ED3 /* NewTestament.swift */,
				0E3BA4E5288D803E009F0ED3 /* Places.swift */,
				0E3BA4E7288D805B009F0ED3 /* Prophesy.swift */,
				0E0CE7D12A6F12B40086581C /* Ruth.swift */,
				0E0CE7D32A6F15300086581C /* Esther.swift */,
				0E0CE7D52A6F16900086581C /* Joseph.swift */,
				0E0CE7D72A6F18990086581C /* Daniel.swift */,
			);
			path = Categories;
			sourceTree = "<group>";
		};
		0E3BA4EB288D9C5F009F0ED3 /* Hymns */ = {
			isa = PBXGroup;
			children = (
				0E3BA4ED288D9C7F009F0ED3 /* battleHymnOfTheRepublic.mp3 */,
				0E3BA4F5288D9C7F009F0ED3 /* blestAndHappyIsTheMan.mp3 */,
				0E3BA4F4288D9C7F009F0ED3 /* blowTheHornLetZionHear.mp3 */,
				0E3BA4F1288D9C7F009F0ED3 /* byTheWatersOfBabylon.mp3 */,
				0EE46DDF288DFBB400B17D91 /* byThisShallAllMenKnow.mp3 */,
				0E3BA4F0288D9C7F009F0ED3 /* godSpeaksToUs.mp3 */,
				0E3BA4F2288D9C7F009F0ED3 /* holyMightyMajesty.mp3 */,
				0E3BA4F3288D9C7F009F0ED3 /* howGoodAndHowPleasant.mp3 */,
				0E3BA4EC288D9C7F009F0ED3 /* howLovelyAreThyDwellings.mp3 */,
				0E3BA4EE288D9C7F009F0ED3 /* itWontBeLongNow.mp3 */,
				0E3BA4EF288D9C7F009F0ED3 /* theLordIsMyShepherd.mp3 */,
			);
			path = Hymns;
			sourceTree = "<group>";
		};
		0EE46DE1288E13C700B17D91 /* Sound Effects */ = {
			isa = PBXGroup;
			children = (
				0EA68E46288E27D00024CC4C /* achievementChime.mp3 */,
			);
			path = "Sound Effects";
			sourceTree = "<group>";
		};
		0EE46DE7288E147D00B17D91 /* Mac Bible Jeopardy */ = {
			isa = PBXGroup;
			children = (
				0E566F2F288EBE9E0091B8A5 /* ContentView.swift */,
				0E530C0D2A7186E500FAB6D4 /* ManagerContentView.swift */,
				0E530C0B2A7178CF00FAB6D4 /* GameManager.swift */,
				0E566F31288EBED20091B8A5 /* GameBoardView.swift */,
				0E530C0F2A7187F700FAB6D4 /* ManagerGameBoardView.swift */,
				0E566F33288EBEDA0091B8A5 /* TitleView.swift */,
				0E530C112A71894700FAB6D4 /* SelectedCategoriesListView.swift */,
				0E566F35288EBEEB0091B8A5 /* MultiSelectPickerView.swift */,
				0EE46E19288E153600B17D91 /* Assets.xcassets */,
				0EE46DF1288E147F00B17D91 /* Mac_Bible_Jeopardy.entitlements */,
				0EE46DEE288E147F00B17D91 /* Preview Content */,
			);
			path = "Mac Bible Jeopardy";
			sourceTree = "<group>";
		};
		0EE46DEE288E147F00B17D91 /* Preview Content */ = {
			isa = PBXGroup;
			children = (
				0EE46DEF288E147F00B17D91 /* Preview Assets.xcassets */,
			);
			path = "Preview Content";
			sourceTree = "<group>";
		};
/* End PBXGroup section */

/* Begin PBXNativeTarget section */
		0E3BA4AE288B6D8B009F0ED3 /* Bible Jeopardy */ = {
			isa = PBXNativeTarget;
			buildConfigurationList = 0E3BA4BD288B6D8C009F0ED3 /* Build configuration list for PBXNativeTarget "Bible Jeopardy" */;
			buildPhases = (
				0E3BA4AB288B6D8B009F0ED3 /* Sources */,
				0E3BA4AC288B6D8B009F0ED3 /* Frameworks */,
				0E3BA4AD288B6D8B009F0ED3 /* Resources */,
			);
			buildRules = (
			);
			dependencies = (
			);
			name = "Bible Jeopardy";
			productName = "Bible Jeopardy";
			productReference = 0E3BA4AF288B6D8B009F0ED3 /* Bible Jeopardy.app */;
			productType = "com.apple.product-type.application";
		};
		0EE46DE5288E147D00B17D91 /* Mac Bible Jeopardy */ = {
			isa = PBXNativeTarget;
			buildConfigurationList = 0EE46DF2288E147F00B17D91 /* Build configuration list for PBXNativeTarget "Mac Bible Jeopardy" */;
			buildPhases = (
				0EE46DE2288E147D00B17D91 /* Sources */,
				0EE46DE3288E147D00B17D91 /* Frameworks */,
				0EE46DE4288E147D00B17D91 /* Resources */,
			);
			buildRules = (
			);
			dependencies = (
			);
			name = "Mac Bible Jeopardy";
			productName = "Mac Bible Jeopardy";
			productReference = 0EE46DE6288E147D00B17D91 /* Bible Jeopardy.app */;
			productType = "com.apple.product-type.application";
		};
/* End PBXNativeTarget section */

/* Begin PBXProject section */
		0E3BA4A7288B6D8B009F0ED3 /* Project object */ = {
			isa = PBXProject;
			attributes = {
				BuildIndependentTargetsInParallel = 1;
				LastSwiftUpdateCheck = 1320;
				LastUpgradeCheck = 1430;
				TargetAttributes = {
					0E3BA4AE288B6D8B009F0ED3 = {
						CreatedOnToolsVersion = 13.2.1;
					};
					0EE46DE5288E147D00B17D91 = {
						CreatedOnToolsVersion = 13.2.1;
					};
				};
			};
			buildConfigurationList = 0E3BA4AA288B6D8B009F0ED3 /* Build configuration list for PBXProject "Bible Jeopardy" */;
			compatibilityVersion = "Xcode 13.0";
			developmentRegion = en;
			hasScannedForEncodings = 0;
			knownRegions = (
				en,
				Base,
			);
			mainGroup = 0E3BA4A6288B6D8B009F0ED3;
			productRefGroup = 0E3BA4B0288B6D8B009F0ED3 /* Products */;
			projectDirPath = "";
			projectRoot = "";
			targets = (
				0E3BA4AE288B6D8B009F0ED3 /* Bible Jeopardy */,
				0EE46DE5288E147D00B17D91 /* Mac Bible Jeopardy */,
			);
		};
/* End PBXProject section */

/* Begin PBXResourcesBuildPhase section */
		0E3BA4AD288B6D8B009F0ED3 /* Resources */ = {
			isa = PBXResourcesBuildPhase;
			buildActionMask = 2147483647;
			files = (
				0E3BA4F6288D9C7F009F0ED3 /* howLovelyAreThyDwellings.mp3 in Resources */,
				0EE46DE0288DFBB400B17D91 /* byThisShallAllMenKnow.mp3 in Resources */,
				0E3BA4FF288D9C7F009F0ED3 /* blestAndHappyIsTheMan.mp3 in Resources */,
				0E3BA4FA288D9C7F009F0ED3 /* godSpeaksToUs.mp3 in Resources */,
				0E3BA4F8288D9C7F009F0ED3 /* itWontBeLongNow.mp3 in Resources */,
				0E3BA4FD288D9C7F009F0ED3 /* howGoodAndHowPleasant.mp3 in Resources */,
				0E3BA4FC288D9C7F009F0ED3 /* holyMightyMajesty.mp3 in Resources */,
				0E3BA4BA288B6D8C009F0ED3 /* Preview Assets.xcassets in Resources */,
				0E3BA4FE288D9C7F009F0ED3 /* blowTheHornLetZionHear.mp3 in Resources */,
				0E3BA4B7288B6D8C009F0ED3 /* Assets.xcassets in Resources */,
				0EA68E47288E27D00024CC4C /* achievementChime.mp3 in Resources */,
				0E3BA4F7288D9C7F009F0ED3 /* battleHymnOfTheRepublic.mp3 in Resources */,
				0E3BA4FB288D9C7F009F0ED3 /* byTheWatersOfBabylon.mp3 in Resources */,
				0E3BA4F9288D9C7F009F0ED3 /* theLordIsMyShepherd.mp3 in Resources */,
			);
			runOnlyForDeploymentPostprocessing = 0;
		};
		0EE46DE4288E147D00B17D91 /* Resources */ = {
			isa = PBXResourcesBuildPhase;
			buildActionMask = 2147483647;
			files = (
				0EE46E17288E14D700B17D91 /* byTheWatersOfBabylon.mp3 in Resources */,
				0EE46DF0288E147F00B17D91 /* Preview Assets.xcassets in Resources */,
				0EE46E02288E14D700B17D91 /* itWontBeLongNow.mp3 in Resources */,
				0EE46E10288E14D700B17D91 /* holyMightyMajesty.mp3 in Resources */,
				0EE46E1A288E153600B17D91 /* Assets.xcassets in Resources */,
				0EE46E03288E14D700B17D91 /* byThisShallAllMenKnow.mp3 in Resources */,
				0EE46E07288E14D700B17D91 /* blowTheHornLetZionHear.mp3 in Resources */,
				0EE46E0E288E14D700B17D91 /* theLordIsMyShepherd.mp3 in Resources */,
				0EE46E08288E14D700B17D91 /* howLovelyAreThyDwellings.mp3 in Resources */,
				0EE46DF8288E14D700B17D91 /* howGoodAndHowPleasant.mp3 in Resources */,
				0EA68E48288E27D00024CC4C /* achievementChime.mp3 in Resources */,
				0EE46E11288E14D700B17D91 /* battleHymnOfTheRepublic.mp3 in Resources */,
				0EE46E0A288E14D700B17D91 /* blestAndHappyIsTheMan.mp3 in Resources */,
				0EE46E0D288E14D700B17D91 /* godSpeaksToUs.mp3 in Resources */,
			);
			runOnlyForDeploymentPostprocessing = 0;
		};
/* End PBXResourcesBuildPhase section */

/* Begin PBXSourcesBuildPhase section */
		0E3BA4AB288B6D8B009F0ED3 /* Sources */ = {
			isa = PBXSourcesBuildPhase;
			buildActionMask = 2147483647;
			files = (
				0E0CE7D62A6F16900086581C /* Joseph.swift in Sources */,
				0E3BA4CC288D7EA3009F0ED3 /* BeforeIsrael.swift in Sources */,
				0E3BA4D8288D7F64009F0ED3 /* Exodus.swift in Sources */,
				0EC12C64288DCCEC00DA40AE /* MultiSelectPickerView.swift in Sources */,
				0E3BA4B5288B6D8B009F0ED3 /* ContentView.swift in Sources */,
				0E3BA4CA288B7F67009F0ED3 /* AngelsAndDemons.swift in Sources */,
				0E3BA4C5288B75C6009F0ED3 /* Category.swift in Sources */,
				0E3BA4C3288B7555009F0ED3 /* Question.swift in Sources */,
				0E3BA4D6288D7F4C009F0ED3 /* EndTimes.swift in Sources */,
				0E0CE7D82A6F18990086581C /* Daniel.swift in Sources */,
				0E3BA4B3288B6D8B009F0ED3 /* Bible_JeopardyApp.swift in Sources */,
				0E0CE7CF2A6EB9050086581C /* GameSettings.swift in Sources */,
				0E0CE7D42A6F15300086581C /* Esther.swift in Sources */,
				0E3BA4D4288D7F30009F0ED3 /* DavidAndSolomon.swift in Sources */,
				0E3BA4C1288B72B3009F0ED3 /* GameBoardView.swift in Sources */,
				0E3BA4DE288D7FD7009F0ED3 /* Israel.swift in Sources */,
				0E3BA4E2288D800C009F0ED3 /* Miracles.swift in Sources */,
				0E0CE7D22A6F12B40086581C /* Ruth.swift in Sources */,
				0E3BA4E4288D8024009F0ED3 /* NewTestament.swift in Sources */,
				0E3BA4C7288B7C53009F0ED3 /* TitleView.swift in Sources */,
				0E3BA4DC288D7FB6009F0ED3 /* NameThatHymn.swift in Sources */,
				0E3BA4EA288D96E6009F0ED3 /* Hymn.swift in Sources */,
				0E3BA4E8288D805B009F0ED3 /* Prophesy.swift in Sources */,
				0E3BA4D0288D7EF5009F0ED3 /* BooksOfTheBible.swift in Sources */,
				0E3BA4D2288D7F13009F0ED3 /* Creation.swift in Sources */,
				0E3BA4E6288D803E009F0ED3 /* Places.swift in Sources */,
				0E3BA4E0288D7FF1009F0ED3 /* LifeOfJesus.swift in Sources */,
				0E3BA4CE288D7ED2009F0ED3 /* BibleQuotes.swift in Sources */,
				0E3BA4DA288D7F82009F0ED3 /* BibleHeroes.swift in Sources */,
			);
			runOnlyForDeploymentPostprocessing = 0;
		};
		0EE46DE2288E147D00B17D91 /* Sources */ = {
			isa = PBXSourcesBuildPhase;
			buildActionMask = 2147483647;
			files = (
				0EE46DFA288E14D700B17D91 /* Creation.swift in Sources */,
				0EE46E06288E14D700B17D91 /* Hymn.swift in Sources */,
				0E566F30288EBE9E0091B8A5 /* ContentView.swift in Sources */,
				0E566F32288EBED20091B8A5 /* GameBoardView.swift in Sources */,
				0E0CE7D92A6F19ED0086581C /* Joseph.swift in Sources */,
				0E0CE7DC2A6F19ED0086581C /* Esther.swift in Sources */,
				0EE46E04288E14D700B17D91 /* Prophesy.swift in Sources */,
				0EE46E14288E14D700B17D91 /* BooksOfTheBible.swift in Sources */,
				0EE46E09288E14D700B17D91 /* Places.swift in Sources */,
				0E0CE7DB2A6F19ED0086581C /* Ruth.swift in Sources */,
				0EE46DF5288E14D700B17D91 /* BeforeIsrael.swift in Sources */,
				0EE46DF6288E14D700B17D91 /* Miracles.swift in Sources */,
				0E530C0C2A7178CF00FAB6D4 /* GameManager.swift in Sources */,
				0E530C122A71894700FAB6D4 /* SelectedCategoriesListView.swift in Sources */,
				0E530C102A7187F700FAB6D4 /* ManagerGameBoardView.swift in Sources */,
				0E0CE7D02A6EB9640086581C /* GameSettings.swift in Sources */,
				0EE46E01288E14D700B17D91 /* Israel.swift in Sources */,
				0E566F36288EBEEB0091B8A5 /* MultiSelectPickerView.swift in Sources */,
				0E0CE7DA2A6F19ED0086581C /* Daniel.swift in Sources */,
				0EE46E16288E14D700B17D91 /* LifeOfJesus.swift in Sources */,
				0EE46DF9288E14D700B17D91 /* NewTestament.swift in Sources */,
				0EE46DFE288E14D700B17D91 /* BibleHeroes.swift in Sources */,
				0EE46DFF288E14D700B17D91 /* Bible_JeopardyApp.swift in Sources */,
				0EE46DF7288E14D700B17D91 /* Exodus.swift in Sources */,
				0E566F34288EBEDA0091B8A5 /* TitleView.swift in Sources */,
				0EE46E0C288E14D700B17D91 /* Question.swift in Sources */,
				0EE46E13288E14D700B17D91 /* AngelsAndDemons.swift in Sources */,
				0EE46E0F288E14D700B17D91 /* EndTimes.swift in Sources */,
				0EE46E15288E14D700B17D91 /* DavidAndSolomon.swift in Sources */,
				0EE46E0B288E14D700B17D91 /* NameThatHymn.swift in Sources */,
				0E530C0E2A7186E500FAB6D4 /* ManagerContentView.swift in Sources */,
				0EE46DFC288E14D700B17D91 /* Category.swift in Sources */,
				0EE46DFD288E14D700B17D91 /* BibleQuotes.swift in Sources */,
			);
			runOnlyForDeploymentPostprocessing = 0;
		};
/* End PBXSourcesBuildPhase section */

/* Begin XCBuildConfiguration section */
		0E3BA4BB288B6D8C009F0ED3 /* Debug */ = {
			isa = XCBuildConfiguration;
			buildSettings = {
				ALWAYS_SEARCH_USER_PATHS = NO;
				CLANG_ANALYZER_NONNULL = YES;
				CLANG_ANALYZER_NUMBER_OBJECT_CONVERSION = YES_AGGRESSIVE;
				CLANG_CXX_LANGUAGE_STANDARD = "gnu++17";
				CLANG_CXX_LIBRARY = "libc++";
				CLANG_ENABLE_MODULES = YES;
				CLANG_ENABLE_OBJC_ARC = YES;
				CLANG_ENABLE_OBJC_WEAK = YES;
				CLANG_WARN_BLOCK_CAPTURE_AUTORELEASING = YES;
				CLANG_WARN_BOOL_CONVERSION = YES;
				CLANG_WARN_COMMA = YES;
				CLANG_WARN_CONSTANT_CONVERSION = YES;
				CLANG_WARN_DEPRECATED_OBJC_IMPLEMENTATIONS = YES;
				CLANG_WARN_DIRECT_OBJC_ISA_USAGE = YES_ERROR;
				CLANG_WARN_DOCUMENTATION_COMMENTS = YES;
				CLANG_WARN_EMPTY_BODY = YES;
				CLANG_WARN_ENUM_CONVERSION = YES;
				CLANG_WARN_INFINITE_RECURSION = YES;
				CLANG_WARN_INT_CONVERSION = YES;
				CLANG_WARN_NON_LITERAL_NULL_CONVERSION = YES;
				CLANG_WARN_OBJC_IMPLICIT_RETAIN_SELF = YES;
				CLANG_WARN_OBJC_LITERAL_CONVERSION = YES;
				CLANG_WARN_OBJC_ROOT_CLASS = YES_ERROR;
				CLANG_WARN_QUOTED_INCLUDE_IN_FRAMEWORK_HEADER = YES;
				CLANG_WARN_RANGE_LOOP_ANALYSIS = YES;
				CLANG_WARN_STRICT_PROTOTYPES = YES;
				CLANG_WARN_SUSPICIOUS_MOVE = YES;
				CLANG_WARN_UNGUARDED_AVAILABILITY = YES_AGGRESSIVE;
				CLANG_WARN_UNREACHABLE_CODE = YES;
				CLANG_WARN__DUPLICATE_METHOD_MATCH = YES;
				COPY_PHASE_STRIP = NO;
				DEBUG_INFORMATION_FORMAT = dwarf;
				ENABLE_STRICT_OBJC_MSGSEND = YES;
				ENABLE_TESTABILITY = YES;
				GCC_C_LANGUAGE_STANDARD = gnu11;
				GCC_DYNAMIC_NO_PIC = NO;
				GCC_NO_COMMON_BLOCKS = YES;
				GCC_OPTIMIZATION_LEVEL = 0;
				GCC_PREPROCESSOR_DEFINITIONS = (
					"DEBUG=1",
					"$(inherited)",
				);
				GCC_WARN_64_TO_32_BIT_CONVERSION = YES;
				GCC_WARN_ABOUT_RETURN_TYPE = YES_ERROR;
				GCC_WARN_UNDECLARED_SELECTOR = YES;
				GCC_WARN_UNINITIALIZED_AUTOS = YES_AGGRESSIVE;
				GCC_WARN_UNUSED_FUNCTION = YES;
				GCC_WARN_UNUSED_VARIABLE = YES;
				IPHONEOS_DEPLOYMENT_TARGET = 15.2;
				MACOSX_DEPLOYMENT_TARGET = 13.3;
				MTL_ENABLE_DEBUG_INFO = INCLUDE_SOURCE;
				MTL_FAST_MATH = YES;
				ONLY_ACTIVE_ARCH = YES;
				SDKROOT = iphoneos;
				SWIFT_ACTIVE_COMPILATION_CONDITIONS = DEBUG;
				SWIFT_OPTIMIZATION_LEVEL = "-Onone";
			};
			name = Debug;
		};
		0E3BA4BC288B6D8C009F0ED3 /* Release */ = {
			isa = XCBuildConfiguration;
			buildSettings = {
				ALWAYS_SEARCH_USER_PATHS = NO;
				CLANG_ANALYZER_NONNULL = YES;
				CLANG_ANALYZER_NUMBER_OBJECT_CONVERSION = YES_AGGRESSIVE;
				CLANG_CXX_LANGUAGE_STANDARD = "gnu++17";
				CLANG_CXX_LIBRARY = "libc++";
				CLANG_ENABLE_MODULES = YES;
				CLANG_ENABLE_OBJC_ARC = YES;
				CLANG_ENABLE_OBJC_WEAK = YES;
				CLANG_WARN_BLOCK_CAPTURE_AUTORELEASING = YES;
				CLANG_WARN_BOOL_CONVERSION = YES;
				CLANG_WARN_COMMA = YES;
				CLANG_WARN_CONSTANT_CONVERSION = YES;
				CLANG_WARN_DEPRECATED_OBJC_IMPLEMENTATIONS = YES;
				CLANG_WARN_DIRECT_OBJC_ISA_USAGE = YES_ERROR;
				CLANG_WARN_DOCUMENTATION_COMMENTS = YES;
				CLANG_WARN_EMPTY_BODY = YES;
				CLANG_WARN_ENUM_CONVERSION = YES;
				CLANG_WARN_INFINITE_RECURSION = YES;
				CLANG_WARN_INT_CONVERSION = YES;
				CLANG_WARN_NON_LITERAL_NULL_CONVERSION = YES;
				CLANG_WARN_OBJC_IMPLICIT_RETAIN_SELF = YES;
				CLANG_WARN_OBJC_LITERAL_CONVERSION = YES;
				CLANG_WARN_OBJC_ROOT_CLASS = YES_ERROR;
				CLANG_WARN_QUOTED_INCLUDE_IN_FRAMEWORK_HEADER = YES;
				CLANG_WARN_RANGE_LOOP_ANALYSIS = YES;
				CLANG_WARN_STRICT_PROTOTYPES = YES;
				CLANG_WARN_SUSPICIOUS_MOVE = YES;
				CLANG_WARN_UNGUARDED_AVAILABILITY = YES_AGGRESSIVE;
				CLANG_WARN_UNREACHABLE_CODE = YES;
				CLANG_WARN__DUPLICATE_METHOD_MATCH = YES;
				COPY_PHASE_STRIP = NO;
				DEBUG_INFORMATION_FORMAT = "dwarf-with-dsym";
				ENABLE_NS_ASSERTIONS = NO;
				ENABLE_STRICT_OBJC_MSGSEND = YES;
				GCC_C_LANGUAGE_STANDARD = gnu11;
				GCC_NO_COMMON_BLOCKS = YES;
				GCC_WARN_64_TO_32_BIT_CONVERSION = YES;
				GCC_WARN_ABOUT_RETURN_TYPE = YES_ERROR;
				GCC_WARN_UNDECLARED_SELECTOR = YES;
				GCC_WARN_UNINITIALIZED_AUTOS = YES_AGGRESSIVE;
				GCC_WARN_UNUSED_FUNCTION = YES;
				GCC_WARN_UNUSED_VARIABLE = YES;
				IPHONEOS_DEPLOYMENT_TARGET = 15.2;
				MACOSX_DEPLOYMENT_TARGET = 13.3;
				MTL_ENABLE_DEBUG_INFO = NO;
				MTL_FAST_MATH = YES;
				SDKROOT = iphoneos;
				SWIFT_COMPILATION_MODE = wholemodule;
				SWIFT_OPTIMIZATION_LEVEL = "-O";
				VALIDATE_PRODUCT = YES;
			};
			name = Release;
		};
		0E3BA4BE288B6D8C009F0ED3 /* Debug */ = {
			isa = XCBuildConfiguration;
			buildSettings = {
				ASSETCATALOG_COMPILER_APPICON_NAME = AppIcon;
				ASSETCATALOG_COMPILER_GLOBAL_ACCENT_COLOR_NAME = AccentColor;
				CODE_SIGN_STYLE = Automatic;
				CURRENT_PROJECT_VERSION = 1;
				DEVELOPMENT_ASSET_PATHS = "\"Bible Jeopardy/Preview Content\"";
				DEVELOPMENT_TEAM = 9PU82PN8AU;
				ENABLE_PREVIEWS = YES;
				GENERATE_INFOPLIST_FILE = YES;
				INFOPLIST_KEY_LSApplicationCategoryType = "public.app-category.trivia-games";
				INFOPLIST_KEY_UIApplicationSceneManifest_Generation = YES;
				INFOPLIST_KEY_UIApplicationSupportsIndirectInputEvents = YES;
				INFOPLIST_KEY_UILaunchScreen_Generation = YES;
				INFOPLIST_KEY_UISupportedInterfaceOrientations = "UIInterfaceOrientationLandscapeLeft UIInterfaceOrientationLandscapeRight";
				LD_RUNPATH_SEARCH_PATHS = (
					"$(inherited)",
					"@executable_path/Frameworks",
				);
				MARKETING_VERSION = 1.1;
				PRODUCT_BUNDLE_IDENTIFIER = "com.Allen.Bible-Jeopardy";
				PRODUCT_NAME = "$(TARGET_NAME)";
				SUPPORTED_PLATFORMS = "iphoneos iphonesimulator";
				SUPPORTS_MACCATALYST = NO;
				SUPPORTS_MAC_DESIGNED_FOR_IPHONE_IPAD = NO;
				SWIFT_EMIT_LOC_STRINGS = YES;
				SWIFT_VERSION = 5.0;
				TARGETED_DEVICE_FAMILY = 2;
			};
			name = Debug;
		};
		0E3BA4BF288B6D8C009F0ED3 /* Release */ = {
			isa = XCBuildConfiguration;
			buildSettings = {
				ASSETCATALOG_COMPILER_APPICON_NAME = AppIcon;
				ASSETCATALOG_COMPILER_GLOBAL_ACCENT_COLOR_NAME = AccentColor;
				CODE_SIGN_STYLE = Automatic;
				CURRENT_PROJECT_VERSION = 1;
				DEVELOPMENT_ASSET_PATHS = "\"Bible Jeopardy/Preview Content\"";
				DEVELOPMENT_TEAM = 9PU82PN8AU;
				ENABLE_PREVIEWS = YES;
				GENERATE_INFOPLIST_FILE = YES;
				INFOPLIST_KEY_LSApplicationCategoryType = "public.app-category.trivia-games";
				INFOPLIST_KEY_UIApplicationSceneManifest_Generation = YES;
				INFOPLIST_KEY_UIApplicationSupportsIndirectInputEvents = YES;
				INFOPLIST_KEY_UILaunchScreen_Generation = YES;
				INFOPLIST_KEY_UISupportedInterfaceOrientations = "UIInterfaceOrientationLandscapeLeft UIInterfaceOrientationLandscapeRight";
				LD_RUNPATH_SEARCH_PATHS = (
					"$(inherited)",
					"@executable_path/Frameworks",
				);
				MARKETING_VERSION = 1.1;
				PRODUCT_BUNDLE_IDENTIFIER = "com.Allen.Bible-Jeopardy";
				PRODUCT_NAME = "$(TARGET_NAME)";
				SUPPORTED_PLATFORMS = "iphoneos iphonesimulator";
				SUPPORTS_MACCATALYST = NO;
				SUPPORTS_MAC_DESIGNED_FOR_IPHONE_IPAD = NO;
				SWIFT_EMIT_LOC_STRINGS = YES;
				SWIFT_VERSION = 5.0;
				TARGETED_DEVICE_FAMILY = 2;
			};
			name = Release;
		};
		0EE46DF3288E147F00B17D91 /* Debug */ = {
			isa = XCBuildConfiguration;
			buildSettings = {
				ASSETCATALOG_COMPILER_APPICON_NAME = AppIcon;
				ASSETCATALOG_COMPILER_GLOBAL_ACCENT_COLOR_NAME = AccentColor;
				CODE_SIGN_ENTITLEMENTS = "Mac Bible Jeopardy/Mac_Bible_Jeopardy.entitlements";
				CODE_SIGN_STYLE = Automatic;
				COMBINE_HIDPI_IMAGES = YES;
				CURRENT_PROJECT_VERSION = 1;
				DEAD_CODE_STRIPPING = YES;
				DEVELOPMENT_ASSET_PATHS = "\"Mac Bible Jeopardy/Preview Content\"";
				DEVELOPMENT_TEAM = 9PU82PN8AU;
				ENABLE_HARDENED_RUNTIME = YES;
				ENABLE_PREVIEWS = YES;
				GENERATE_INFOPLIST_FILE = YES;
				INFOPLIST_KEY_LSApplicationCategoryType = "public.app-category.trivia-games";
				INFOPLIST_KEY_NSHumanReadableCopyright = "";
				LD_RUNPATH_SEARCH_PATHS = (
					"$(inherited)",
					"@executable_path/../Frameworks",
				);
				MACOSX_DEPLOYMENT_TARGET = 13.3;
				MARKETING_VERSION = 2.1;
				PRODUCT_BUNDLE_IDENTIFIER = "com.Allen.Mac-Bible-Jeopardy";
				PRODUCT_NAME = "Bible Jeopardy";
				SDKROOT = macosx;
				SWIFT_EMIT_LOC_STRINGS = YES;
				SWIFT_VERSION = 5.0;
			};
			name = Debug;
		};
		0EE46DF4288E147F00B17D91 /* Release */ = {
			isa = XCBuildConfiguration;
			buildSettings = {
				ASSETCATALOG_COMPILER_APPICON_NAME = AppIcon;
				ASSETCATALOG_COMPILER_GLOBAL_ACCENT_COLOR_NAME = AccentColor;
				CODE_SIGN_ENTITLEMENTS = "Mac Bible Jeopardy/Mac_Bible_Jeopardy.entitlements";
				CODE_SIGN_STYLE = Automatic;
				COMBINE_HIDPI_IMAGES = YES;
				CURRENT_PROJECT_VERSION = 1;
				DEAD_CODE_STRIPPING = YES;
				DEVELOPMENT_ASSET_PATHS = "\"Mac Bible Jeopardy/Preview Content\"";
				DEVELOPMENT_TEAM = 9PU82PN8AU;
				ENABLE_HARDENED_RUNTIME = YES;
				ENABLE_PREVIEWS = YES;
				GENERATE_INFOPLIST_FILE = YES;
				INFOPLIST_KEY_LSApplicationCategoryType = "public.app-category.trivia-games";
				INFOPLIST_KEY_NSHumanReadableCopyright = "";
				LD_RUNPATH_SEARCH_PATHS = (
					"$(inherited)",
					"@executable_path/../Frameworks",
				);
				MACOSX_DEPLOYMENT_TARGET = 13.3;
				MARKETING_VERSION = 2.1;
				PRODUCT_BUNDLE_IDENTIFIER = "com.Allen.Mac-Bible-Jeopardy";
				PRODUCT_NAME = "Bible Jeopardy";
				SDKROOT = macosx;
				SWIFT_EMIT_LOC_STRINGS = YES;
				SWIFT_VERSION = 5.0;
			};
			name = Release;
		};
/* End XCBuildConfiguration section */

/* Begin XCConfigurationList section */
		0E3BA4AA288B6D8B009F0ED3 /* Build configuration list for PBXProject "Bible Jeopardy" */ = {
			isa = XCConfigurationList;
			buildConfigurations = (
				0E3BA4BB288B6D8C009F0ED3 /* Debug */,
				0E3BA4BC288B6D8C009F0ED3 /* Release */,
			);
			defaultConfigurationIsVisible = 0;
			defaultConfigurationName = Release;
		};
		0E3BA4BD288B6D8C009F0ED3 /* Build configuration list for PBXNativeTarget "Bible Jeopardy" */ = {
			isa = XCConfigurationList;
			buildConfigurations = (
				0E3BA4BE288B6D8C009F0ED3 /* Debug */,
				0E3BA4BF288B6D8C009F0ED3 /* Release */,
			);
			defaultConfigurationIsVisible = 0;
			defaultConfigurationName = Release;
		};
		0EE46DF2288E147F00B17D91 /* Build configuration list for PBXNativeTarget "Mac Bible Jeopardy" */ = {
			isa = XCConfigurationList;
			buildConfigurations = (
				0EE46DF3288E147F00B17D91 /* Debug */,
				0EE46DF4288E147F00B17D91 /* Release */,
			);
			defaultConfigurationIsVisible = 0;
			defaultConfigurationName = Release;
		};
/* End XCConfigurationList section */
	};
	rootObject = 0E3BA4A7288B6D8B009F0ED3 /* Project object */;
}
