// !$*UTF8*$!
{
	archiveVersion = 1;
	classes = {
	};
	objectVersion = 56;
	objects = {

/* Begin PBXBuildFile section */
		0E0340502BB9E2AE00BAEEB5 /* holyMightyMajesty.mp3 in Resources */ = {isa = PBXBuildFile; fileRef = 0EAC2B692B5062BB0068C01D /* holyMightyMajesty.mp3 */; };
		0E0340512BB9E2AE00BAEEB5 /* blestAndHappyIsTheMan.mp3 in Resources */ = {isa = PBXBuildFile; fileRef = 0EAC2B6A2B5062BB0068C01D /* blestAndHappyIsTheMan.mp3 */; };
		0E0340522BB9E2AE00BAEEB5 /* battleHymnOfTheRepublic.mp3 in Resources */ = {isa = PBXBuildFile; fileRef = 0EAC2B722B5062BB0068C01D /* battleHymnOfTheRepublic.mp3 */; };
		0E0340532BB9E2AE00BAEEB5 /* howLovelyAreThyDwellings.mp3 in Resources */ = {isa = PBXBuildFile; fileRef = 0EAC2B6F2B5062BB0068C01D /* howLovelyAreThyDwellings.mp3 */; };
		0E0340542BB9E2AE00BAEEB5 /* achievementChime.mp3 in Resources */ = {isa = PBXBuildFile; fileRef = 0EAC2B752B5062BB0068C01D /* achievementChime.mp3 */; };
		0E0340552BB9E2AE00BAEEB5 /* howGoodAndHowPleasant.mp3 in Resources */ = {isa = PBXBuildFile; fileRef = 0EAC2B6B2B5062BB0068C01D /* howGoodAndHowPleasant.mp3 */; };
		0E0340562BB9E2AE00BAEEB5 /* byThisShallAllMenKnow.mp3 in Resources */ = {isa = PBXBuildFile; fileRef = 0EAC2B6D2B5062BB0068C01D /* byThisShallAllMenKnow.mp3 */; };
		0E0340572BB9E2AE00BAEEB5 /* blowTheHornLetZionHear.mp3 in Resources */ = {isa = PBXBuildFile; fileRef = 0EAC2B6E2B5062BB0068C01D /* blowTheHornLetZionHear.mp3 */; };
		0E0340582BB9E2AE00BAEEB5 /* theLordIsMyShepherd.mp3 in Resources */ = {isa = PBXBuildFile; fileRef = 0EAC2B732B5062BB0068C01D /* theLordIsMyShepherd.mp3 */; };
		0E0340592BB9E2AE00BAEEB5 /* godSpeaksToUs.mp3 in Resources */ = {isa = PBXBuildFile; fileRef = 0EAC2B702B5062BB0068C01D /* godSpeaksToUs.mp3 */; };
		0E03405A2BB9E2AE00BAEEB5 /* itWontBeLongNow.mp3 in Resources */ = {isa = PBXBuildFile; fileRef = 0EAC2B712B5062BB0068C01D /* itWontBeLongNow.mp3 */; };
		0E03405B2BB9E2AE00BAEEB5 /* byTheWatersOfBabylon.mp3 in Resources */ = {isa = PBXBuildFile; fileRef = 0EAC2B6C2B5062BB0068C01D /* byTheWatersOfBabylon.mp3 */; };
		0E03405C2BB9E2AE00BAEEB5 /* Hymn.swift in Sources */ = {isa = PBXBuildFile; fileRef = 0EAC2B502B5062BB0068C01D /* Hymn.swift */; };
		0E03405D2BB9E2AE00BAEEB5 /* BooksOfTheBible.swift in Sources */ = {isa = PBXBuildFile; fileRef = 0EAC2B552B5062BB0068C01D /* BooksOfTheBible.swift */; };
		0E03405E2BB9E2AE00BAEEB5 /* Miracles.swift in Sources */ = {isa = PBXBuildFile; fileRef = 0EAC2B582B5062BB0068C01D /* Miracles.swift */; };
		0E03405F2BB9E2AE00BAEEB5 /* Israel.swift in Sources */ = {isa = PBXBuildFile; fileRef = 0EAC2B592B5062BB0068C01D /* Israel.swift */; };
		0E0340602BB9E2AE00BAEEB5 /* NewTestament.swift in Sources */ = {isa = PBXBuildFile; fileRef = 0EAC2B602B5062BB0068C01D /* NewTestament.swift */; };
		0E0340612BB9E2AE00BAEEB5 /* DavidAndSolomon.swift in Sources */ = {isa = PBXBuildFile; fileRef = 0EAC2B622B5062BB0068C01D /* DavidAndSolomon.swift */; };
		0E0340622BB9E2AE00BAEEB5 /* Joseph.swift in Sources */ = {isa = PBXBuildFile; fileRef = 0EAC2B562B5062BB0068C01D /* Joseph.swift */; };
		0E0340632BB9E2AE00BAEEB5 /* Ruth.swift in Sources */ = {isa = PBXBuildFile; fileRef = 0EAC2B542B5062BB0068C01D /* Ruth.swift */; };
		0E0340642BB9E2AE00BAEEB5 /* Places.swift in Sources */ = {isa = PBXBuildFile; fileRef = 0EAC2B5B2B5062BB0068C01D /* Places.swift */; };
		0E0340652BB9E2AE00BAEEB5 /* Creation.swift in Sources */ = {isa = PBXBuildFile; fileRef = 0EAC2B5F2B5062BB0068C01D /* Creation.swift */; };
		0E0340662BB9E2AE00BAEEB5 /* BibleHeroes.swift in Sources */ = {isa = PBXBuildFile; fileRef = 0EAC2B572B5062BB0068C01D /* BibleHeroes.swift */; };
		0E0340672BB9E2AE00BAEEB5 /* Category.swift in Sources */ = {isa = PBXBuildFile; fileRef = 0EAC2B672B5062BB0068C01D /* Category.swift */; };
		0E0340682BB9E2AE00BAEEB5 /* EndTimes.swift in Sources */ = {isa = PBXBuildFile; fileRef = 0EAC2B5C2B5062BB0068C01D /* EndTimes.swift */; };
		0E0340692BB9E2AE00BAEEB5 /* GameManager.swift in Sources */ = {isa = PBXBuildFile; fileRef = 0EAC2B412B5062610068C01D /* GameManager.swift */; };
		0E03406A2BB9E2AE00BAEEB5 /* NameThatHymn.swift in Sources */ = {isa = PBXBuildFile; fileRef = 0EAC2B5A2B5062BB0068C01D /* NameThatHymn.swift */; };
		0E03406B2BB9E2AE00BAEEB5 /* BeforeIsrael.swift in Sources */ = {isa = PBXBuildFile; fileRef = 0EAC2B632B5062BB0068C01D /* BeforeIsrael.swift */; };
		0E03406C2BB9E2AE00BAEEB5 /* AngelsAndDemons.swift in Sources */ = {isa = PBXBuildFile; fileRef = 0EAC2B642B5062BB0068C01D /* AngelsAndDemons.swift */; };
		0E03406D2BB9E2AE00BAEEB5 /* Daniel.swift in Sources */ = {isa = PBXBuildFile; fileRef = 0EAC2B662B5062BB0068C01D /* Daniel.swift */; };
		0E03406E2BB9E2AE00BAEEB5 /* Exodus.swift in Sources */ = {isa = PBXBuildFile; fileRef = 0EAC2B5E2B5062BB0068C01D /* Exodus.swift */; };
		0E03406F2BB9E2AE00BAEEB5 /* BibleQuotes.swift in Sources */ = {isa = PBXBuildFile; fileRef = 0EAC2B612B5062BB0068C01D /* BibleQuotes.swift */; };
		0E0340702BB9E2AE00BAEEB5 /* Prophesy.swift in Sources */ = {isa = PBXBuildFile; fileRef = 0EAC2B652B5062BB0068C01D /* Prophesy.swift */; };
		0E0340712BB9E2AE00BAEEB5 /* Question.swift in Sources */ = {isa = PBXBuildFile; fileRef = 0EAC2B4F2B5062BB0068C01D /* Question.swift */; };
		0E0340722BB9E2AE00BAEEB5 /* GameSettings.swift in Sources */ = {isa = PBXBuildFile; fileRef = 0EAC2B512B5062BB0068C01D /* GameSettings.swift */; };
		0E0340732BB9E2AE00BAEEB5 /* LifeOfJesus.swift in Sources */ = {isa = PBXBuildFile; fileRef = 0EAC2B532B5062BB0068C01D /* LifeOfJesus.swift */; };
		0E0340742BB9E2AE00BAEEB5 /* Esther.swift in Sources */ = {isa = PBXBuildFile; fileRef = 0EAC2B5D2B5062BB0068C01D /* Esther.swift */; };
		0E0340782BB9E3CC00BAEEB5 /* MultiSelectPickerView.swift in Sources */ = {isa = PBXBuildFile; fileRef = 0E0340772BB9E3CC00BAEEB5 /* MultiSelectPickerView.swift */; };
		0E03407C2BB9E41400BAEEB5 /* TitleView.swift in Sources */ = {isa = PBXBuildFile; fileRef = 0E03407B2BB9E41400BAEEB5 /* TitleView.swift */; };
		0E03407E2BB9E52400BAEEB5 /* ManagerContentView.swift in Sources */ = {isa = PBXBuildFile; fileRef = 0E03407D2BB9E52400BAEEB5 /* ManagerContentView.swift */; };
		0E0340802BB9E54700BAEEB5 /* ManagerGameBoardView.swift in Sources */ = {isa = PBXBuildFile; fileRef = 0E03407F2BB9E54700BAEEB5 /* ManagerGameBoardView.swift */; };
		0EAC2B362B5041350068C01D /* Preview Assets.xcassets in Resources */ = {isa = PBXBuildFile; fileRef = 0EAC2B352B5041350068C01D /* Preview Assets.xcassets */; };
		0EAC2B452B5062610068C01D /* GameBoardView.swift in Sources */ = {isa = PBXBuildFile; fileRef = 0EAC2B3D2B5062600068C01D /* GameBoardView.swift */; };
		0EAC2B462B5062610068C01D /* SelectedCategoriesListView.swift in Sources */ = {isa = PBXBuildFile; fileRef = 0EAC2B3E2B5062600068C01D /* SelectedCategoriesListView.swift */; };
		0EAC2B472B5062610068C01D /* TitleView.swift in Sources */ = {isa = PBXBuildFile; fileRef = 0EAC2B3F2B5062610068C01D /* TitleView.swift */; };
		0EAC2B482B5062610068C01D /* MultiSelectPickerView.swift in Sources */ = {isa = PBXBuildFile; fileRef = 0EAC2B402B5062610068C01D /* MultiSelectPickerView.swift */; };
		0EAC2B492B5062610068C01D /* GameManager.swift in Sources */ = {isa = PBXBuildFile; fileRef = 0EAC2B412B5062610068C01D /* GameManager.swift */; };
		0EAC2B4A2B5062610068C01D /* ManagerContentView.swift in Sources */ = {isa = PBXBuildFile; fileRef = 0EAC2B422B5062610068C01D /* ManagerContentView.swift */; };
		0EAC2B4B2B5062610068C01D /* ManagerGameBoardView.swift in Sources */ = {isa = PBXBuildFile; fileRef = 0EAC2B432B5062610068C01D /* ManagerGameBoardView.swift */; };
		0EAC2B4C2B5062610068C01D /* Assets.xcassets in Resources */ = {isa = PBXBuildFile; fileRef = 0EAC2B442B5062610068C01D /* Assets.xcassets */; };
		0EAC2B4E2B5062830068C01D /* ContentView.swift in Sources */ = {isa = PBXBuildFile; fileRef = 0EAC2B4D2B5062830068C01D /* ContentView.swift */; };
		0EAC2B762B5062BB0068C01D /* Question.swift in Sources */ = {isa = PBXBuildFile; fileRef = 0EAC2B4F2B5062BB0068C01D /* Question.swift */; };
		0EAC2B772B5062BB0068C01D /* Hymn.swift in Sources */ = {isa = PBXBuildFile; fileRef = 0EAC2B502B5062BB0068C01D /* Hymn.swift */; };
		0EAC2B782B5062BB0068C01D /* GameSettings.swift in Sources */ = {isa = PBXBuildFile; fileRef = 0EAC2B512B5062BB0068C01D /* GameSettings.swift */; };
		0EAC2B792B5062BB0068C01D /* LifeOfJesus.swift in Sources */ = {isa = PBXBuildFile; fileRef = 0EAC2B532B5062BB0068C01D /* LifeOfJesus.swift */; };
		0EAC2B7A2B5062BB0068C01D /* Ruth.swift in Sources */ = {isa = PBXBuildFile; fileRef = 0EAC2B542B5062BB0068C01D /* Ruth.swift */; };
		0EAC2B7B2B5062BB0068C01D /* BooksOfTheBible.swift in Sources */ = {isa = PBXBuildFile; fileRef = 0EAC2B552B5062BB0068C01D /* BooksOfTheBible.swift */; };
		0EAC2B7C2B5062BB0068C01D /* Joseph.swift in Sources */ = {isa = PBXBuildFile; fileRef = 0EAC2B562B5062BB0068C01D /* Joseph.swift */; };
		0EAC2B7D2B5062BB0068C01D /* BibleHeroes.swift in Sources */ = {isa = PBXBuildFile; fileRef = 0EAC2B572B5062BB0068C01D /* BibleHeroes.swift */; };
		0EAC2B7E2B5062BB0068C01D /* Miracles.swift in Sources */ = {isa = PBXBuildFile; fileRef = 0EAC2B582B5062BB0068C01D /* Miracles.swift */; };
		0EAC2B7F2B5062BB0068C01D /* Israel.swift in Sources */ = {isa = PBXBuildFile; fileRef = 0EAC2B592B5062BB0068C01D /* Israel.swift */; };
		0EAC2B802B5062BC0068C01D /* NameThatHymn.swift in Sources */ = {isa = PBXBuildFile; fileRef = 0EAC2B5A2B5062BB0068C01D /* NameThatHymn.swift */; };
		0EAC2B812B5062BC0068C01D /* Places.swift in Sources */ = {isa = PBXBuildFile; fileRef = 0EAC2B5B2B5062BB0068C01D /* Places.swift */; };
		0EAC2B822B5062BC0068C01D /* EndTimes.swift in Sources */ = {isa = PBXBuildFile; fileRef = 0EAC2B5C2B5062BB0068C01D /* EndTimes.swift */; };
		0EAC2B832B5062BC0068C01D /* Esther.swift in Sources */ = {isa = PBXBuildFile; fileRef = 0EAC2B5D2B5062BB0068C01D /* Esther.swift */; };
		0EAC2B842B5062BC0068C01D /* Exodus.swift in Sources */ = {isa = PBXBuildFile; fileRef = 0EAC2B5E2B5062BB0068C01D /* Exodus.swift */; };
		0EAC2B852B5062BC0068C01D /* Creation.swift in Sources */ = {isa = PBXBuildFile; fileRef = 0EAC2B5F2B5062BB0068C01D /* Creation.swift */; };
		0EAC2B862B5062BC0068C01D /* NewTestament.swift in Sources */ = {isa = PBXBuildFile; fileRef = 0EAC2B602B5062BB0068C01D /* NewTestament.swift */; };
		0EAC2B872B5062BC0068C01D /* BibleQuotes.swift in Sources */ = {isa = PBXBuildFile; fileRef = 0EAC2B612B5062BB0068C01D /* BibleQuotes.swift */; };
		0EAC2B882B5062BC0068C01D /* DavidAndSolomon.swift in Sources */ = {isa = PBXBuildFile; fileRef = 0EAC2B622B5062BB0068C01D /* DavidAndSolomon.swift */; };
		0EAC2B892B5062BC0068C01D /* BeforeIsrael.swift in Sources */ = {isa = PBXBuildFile; fileRef = 0EAC2B632B5062BB0068C01D /* BeforeIsrael.swift */; };
		0EAC2B8A2B5062BC0068C01D /* AngelsAndDemons.swift in Sources */ = {isa = PBXBuildFile; fileRef = 0EAC2B642B5062BB0068C01D /* AngelsAndDemons.swift */; };
		0EAC2B8B2B5062BC0068C01D /* Prophesy.swift in Sources */ = {isa = PBXBuildFile; fileRef = 0EAC2B652B5062BB0068C01D /* Prophesy.swift */; };
		0EAC2B8C2B5062BC0068C01D /* Daniel.swift in Sources */ = {isa = PBXBuildFile; fileRef = 0EAC2B662B5062BB0068C01D /* Daniel.swift */; };
		0EAC2B8D2B5062BC0068C01D /* Category.swift in Sources */ = {isa = PBXBuildFile; fileRef = 0EAC2B672B5062BB0068C01D /* Category.swift */; };
		0EAC2B8E2B5062BC0068C01D /* holyMightyMajesty.mp3 in Resources */ = {isa = PBXBuildFile; fileRef = 0EAC2B692B5062BB0068C01D /* holyMightyMajesty.mp3 */; };
		0EAC2B8F2B5062BC0068C01D /* blestAndHappyIsTheMan.mp3 in Resources */ = {isa = PBXBuildFile; fileRef = 0EAC2B6A2B5062BB0068C01D /* blestAndHappyIsTheMan.mp3 */; };
		0EAC2B902B5062BC0068C01D /* howGoodAndHowPleasant.mp3 in Resources */ = {isa = PBXBuildFile; fileRef = 0EAC2B6B2B5062BB0068C01D /* howGoodAndHowPleasant.mp3 */; };
		0EAC2B912B5062BC0068C01D /* byTheWatersOfBabylon.mp3 in Resources */ = {isa = PBXBuildFile; fileRef = 0EAC2B6C2B5062BB0068C01D /* byTheWatersOfBabylon.mp3 */; };
		0EAC2B922B5062BC0068C01D /* byThisShallAllMenKnow.mp3 in Resources */ = {isa = PBXBuildFile; fileRef = 0EAC2B6D2B5062BB0068C01D /* byThisShallAllMenKnow.mp3 */; };
		0EAC2B932B5062BC0068C01D /* blowTheHornLetZionHear.mp3 in Resources */ = {isa = PBXBuildFile; fileRef = 0EAC2B6E2B5062BB0068C01D /* blowTheHornLetZionHear.mp3 */; };
		0EAC2B942B5062BC0068C01D /* howLovelyAreThyDwellings.mp3 in Resources */ = {isa = PBXBuildFile; fileRef = 0EAC2B6F2B5062BB0068C01D /* howLovelyAreThyDwellings.mp3 */; };
		0EAC2B952B5062BC0068C01D /* godSpeaksToUs.mp3 in Resources */ = {isa = PBXBuildFile; fileRef = 0EAC2B702B5062BB0068C01D /* godSpeaksToUs.mp3 */; };
		0EAC2B962B5062BC0068C01D /* itWontBeLongNow.mp3 in Resources */ = {isa = PBXBuildFile; fileRef = 0EAC2B712B5062BB0068C01D /* itWontBeLongNow.mp3 */; };
		0EAC2B972B5062BC0068C01D /* battleHymnOfTheRepublic.mp3 in Resources */ = {isa = PBXBuildFile; fileRef = 0EAC2B722B5062BB0068C01D /* battleHymnOfTheRepublic.mp3 */; };
		0EAC2B982B5062BC0068C01D /* theLordIsMyShepherd.mp3 in Resources */ = {isa = PBXBuildFile; fileRef = 0EAC2B732B5062BB0068C01D /* theLordIsMyShepherd.mp3 */; };
		0EAC2B992B5062BC0068C01D /* achievementChime.mp3 in Resources */ = {isa = PBXBuildFile; fileRef = 0EAC2B752B5062BB0068C01D /* achievementChime.mp3 */; };
		0EAC2B9B2B5062EB0068C01D /* Bible_JeopardyApp.swift in Sources */ = {isa = PBXBuildFile; fileRef = 0EAC2B9A2B5062EB0068C01D /* Bible_JeopardyApp.swift */; };
		0EDC194E2BADF229009DC360 /* Bible_Jeopardy__iPad_App.swift in Sources */ = {isa = PBXBuildFile; fileRef = 0EDC194D2BADF229009DC360 /* Bible_Jeopardy__iPad_App.swift */; };
		0EDC19522BADF22A009DC360 /* Assets.xcassets in Resources */ = {isa = PBXBuildFile; fileRef = 0EDC19512BADF22A009DC360 /* Assets.xcassets */; };
		0EDC19552BADF22A009DC360 /* Preview Assets.xcassets in Resources */ = {isa = PBXBuildFile; fileRef = 0EDC19542BADF22A009DC360 /* Preview Assets.xcassets */; };
/* End PBXBuildFile section */

/* Begin PBXFileReference section */
		0E0340772BB9E3CC00BAEEB5 /* MultiSelectPickerView.swift */ = {isa = PBXFileReference; lastKnownFileType = sourcecode.swift; path = MultiSelectPickerView.swift; sourceTree = "<group>"; };
		0E03407B2BB9E41400BAEEB5 /* TitleView.swift */ = {isa = PBXFileReference; lastKnownFileType = sourcecode.swift; path = TitleView.swift; sourceTree = "<group>"; };
		0E03407D2BB9E52400BAEEB5 /* ManagerContentView.swift */ = {isa = PBXFileReference; lastKnownFileType = sourcecode.swift; path = ManagerContentView.swift; sourceTree = "<group>"; };
		0E03407F2BB9E54700BAEEB5 /* ManagerGameBoardView.swift */ = {isa = PBXFileReference; lastKnownFileType = sourcecode.swift; path = ManagerGameBoardView.swift; sourceTree = "<group>"; };
		0EAC2B2B2B5041340068C01D /* Bible Jeopardy.app */ = {isa = PBXFileReference; explicitFileType = wrapper.application; includeInIndex = 0; path = "Bible Jeopardy.app"; sourceTree = BUILT_PRODUCTS_DIR; };
		0EAC2B352B5041350068C01D /* Preview Assets.xcassets */ = {isa = PBXFileReference; lastKnownFileType = folder.assetcatalog; path = "Preview Assets.xcassets"; sourceTree = "<group>"; };
		0EAC2B372B5041350068C01D /* Bible_Jeopardy.entitlements */ = {isa = PBXFileReference; lastKnownFileType = text.plist.entitlements; path = Bible_Jeopardy.entitlements; sourceTree = "<group>"; };
		0EAC2B3D2B5062600068C01D /* GameBoardView.swift */ = {isa = PBXFileReference; fileEncoding = 4; lastKnownFileType = sourcecode.swift; path = GameBoardView.swift; sourceTree = "<group>"; };
		0EAC2B3E2B5062600068C01D /* SelectedCategoriesListView.swift */ = {isa = PBXFileReference; fileEncoding = 4; lastKnownFileType = sourcecode.swift; path = SelectedCategoriesListView.swift; sourceTree = "<group>"; };
		0EAC2B3F2B5062610068C01D /* TitleView.swift */ = {isa = PBXFileReference; fileEncoding = 4; lastKnownFileType = sourcecode.swift; path = TitleView.swift; sourceTree = "<group>"; };
		0EAC2B402B5062610068C01D /* MultiSelectPickerView.swift */ = {isa = PBXFileReference; fileEncoding = 4; lastKnownFileType = sourcecode.swift; path = MultiSelectPickerView.swift; sourceTree = "<group>"; };
		0EAC2B412B5062610068C01D /* GameManager.swift */ = {isa = PBXFileReference; fileEncoding = 4; lastKnownFileType = sourcecode.swift; path = GameManager.swift; sourceTree = "<group>"; };
		0EAC2B422B5062610068C01D /* ManagerContentView.swift */ = {isa = PBXFileReference; fileEncoding = 4; lastKnownFileType = sourcecode.swift; path = ManagerContentView.swift; sourceTree = "<group>"; };
		0EAC2B432B5062610068C01D /* ManagerGameBoardView.swift */ = {isa = PBXFileReference; fileEncoding = 4; lastKnownFileType = sourcecode.swift; path = ManagerGameBoardView.swift; sourceTree = "<group>"; };
		0EAC2B442B5062610068C01D /* Assets.xcassets */ = {isa = PBXFileReference; lastKnownFileType = folder.assetcatalog; name = Assets.xcassets; path = "../../Bible Jeopardy (Old)/Mac Bible Jeopardy/Assets.xcassets"; sourceTree = "<group>"; };
		0EAC2B4D2B5062830068C01D /* ContentView.swift */ = {isa = PBXFileReference; fileEncoding = 4; lastKnownFileType = sourcecode.swift; path = ContentView.swift; sourceTree = "<group>"; };
		0EAC2B4F2B5062BB0068C01D /* Question.swift */ = {isa = PBXFileReference; fileEncoding = 4; lastKnownFileType = sourcecode.swift; path = Question.swift; sourceTree = "<group>"; };
		0EAC2B502B5062BB0068C01D /* Hymn.swift */ = {isa = PBXFileReference; fileEncoding = 4; lastKnownFileType = sourcecode.swift; path = Hymn.swift; sourceTree = "<group>"; };
		0EAC2B512B5062BB0068C01D /* GameSettings.swift */ = {isa = PBXFileReference; fileEncoding = 4; lastKnownFileType = sourcecode.swift; path = GameSettings.swift; sourceTree = "<group>"; };
		0EAC2B532B5062BB0068C01D /* LifeOfJesus.swift */ = {isa = PBXFileReference; fileEncoding = 4; lastKnownFileType = sourcecode.swift; path = LifeOfJesus.swift; sourceTree = "<group>"; };
		0EAC2B542B5062BB0068C01D /* Ruth.swift */ = {isa = PBXFileReference; fileEncoding = 4; lastKnownFileType = sourcecode.swift; path = Ruth.swift; sourceTree = "<group>"; };
		0EAC2B552B5062BB0068C01D /* BooksOfTheBible.swift */ = {isa = PBXFileReference; fileEncoding = 4; lastKnownFileType = sourcecode.swift; path = BooksOfTheBible.swift; sourceTree = "<group>"; };
		0EAC2B562B5062BB0068C01D /* Joseph.swift */ = {isa = PBXFileReference; fileEncoding = 4; lastKnownFileType = sourcecode.swift; path = Joseph.swift; sourceTree = "<group>"; };
		0EAC2B572B5062BB0068C01D /* BibleHeroes.swift */ = {isa = PBXFileReference; fileEncoding = 4; lastKnownFileType = sourcecode.swift; path = BibleHeroes.swift; sourceTree = "<group>"; };
		0EAC2B582B5062BB0068C01D /* Miracles.swift */ = {isa = PBXFileReference; fileEncoding = 4; lastKnownFileType = sourcecode.swift; path = Miracles.swift; sourceTree = "<group>"; };
		0EAC2B592B5062BB0068C01D /* Israel.swift */ = {isa = PBXFileReference; fileEncoding = 4; lastKnownFileType = sourcecode.swift; path = Israel.swift; sourceTree = "<group>"; };
		0EAC2B5A2B5062BB0068C01D /* NameThatHymn.swift */ = {isa = PBXFileReference; fileEncoding = 4; lastKnownFileType = sourcecode.swift; path = NameThatHymn.swift; sourceTree = "<group>"; };
		0EAC2B5B2B5062BB0068C01D /* Places.swift */ = {isa = PBXFileReference; fileEncoding = 4; lastKnownFileType = sourcecode.swift; path = Places.swift; sourceTree = "<group>"; };
		0EAC2B5C2B5062BB0068C01D /* EndTimes.swift */ = {isa = PBXFileReference; fileEncoding = 4; lastKnownFileType = sourcecode.swift; path = EndTimes.swift; sourceTree = "<group>"; };
		0EAC2B5D2B5062BB0068C01D /* Esther.swift */ = {isa = PBXFileReference; fileEncoding = 4; lastKnownFileType = sourcecode.swift; path = Esther.swift; sourceTree = "<group>"; };
		0EAC2B5E2B5062BB0068C01D /* Exodus.swift */ = {isa = PBXFileReference; fileEncoding = 4; lastKnownFileType = sourcecode.swift; path = Exodus.swift; sourceTree = "<group>"; };
		0EAC2B5F2B5062BB0068C01D /* Creation.swift */ = {isa = PBXFileReference; fileEncoding = 4; lastKnownFileType = sourcecode.swift; path = Creation.swift; sourceTree = "<group>"; };
		0EAC2B602B5062BB0068C01D /* NewTestament.swift */ = {isa = PBXFileReference; fileEncoding = 4; lastKnownFileType = sourcecode.swift; path = NewTestament.swift; sourceTree = "<group>"; };
		0EAC2B612B5062BB0068C01D /* BibleQuotes.swift */ = {isa = PBXFileReference; fileEncoding = 4; lastKnownFileType = sourcecode.swift; path = BibleQuotes.swift; sourceTree = "<group>"; };
		0EAC2B622B5062BB0068C01D /* DavidAndSolomon.swift */ = {isa = PBXFileReference; fileEncoding = 4; lastKnownFileType = sourcecode.swift; path = DavidAndSolomon.swift; sourceTree = "<group>"; };
		0EAC2B632B5062BB0068C01D /* BeforeIsrael.swift */ = {isa = PBXFileReference; fileEncoding = 4; lastKnownFileType = sourcecode.swift; path = BeforeIsrael.swift; sourceTree = "<group>"; };
		0EAC2B642B5062BB0068C01D /* AngelsAndDemons.swift */ = {isa = PBXFileReference; fileEncoding = 4; lastKnownFileType = sourcecode.swift; path = AngelsAndDemons.swift; sourceTree = "<group>"; };
		0EAC2B652B5062BB0068C01D /* Prophesy.swift */ = {isa = PBXFileReference; fileEncoding = 4; lastKnownFileType = sourcecode.swift; path = Prophesy.swift; sourceTree = "<group>"; };
		0EAC2B662B5062BB0068C01D /* Daniel.swift */ = {isa = PBXFileReference; fileEncoding = 4; lastKnownFileType = sourcecode.swift; path = Daniel.swift; sourceTree = "<group>"; };
		0EAC2B672B5062BB0068C01D /* Category.swift */ = {isa = PBXFileReference; fileEncoding = 4; lastKnownFileType = sourcecode.swift; path = Category.swift; sourceTree = "<group>"; };
		0EAC2B692B5062BB0068C01D /* holyMightyMajesty.mp3 */ = {isa = PBXFileReference; lastKnownFileType = audio.mp3; path = holyMightyMajesty.mp3; sourceTree = "<group>"; };
		0EAC2B6A2B5062BB0068C01D /* blestAndHappyIsTheMan.mp3 */ = {isa = PBXFileReference; lastKnownFileType = audio.mp3; path = blestAndHappyIsTheMan.mp3; sourceTree = "<group>"; };
		0EAC2B6B2B5062BB0068C01D /* howGoodAndHowPleasant.mp3 */ = {isa = PBXFileReference; lastKnownFileType = audio.mp3; path = howGoodAndHowPleasant.mp3; sourceTree = "<group>"; };
		0EAC2B6C2B5062BB0068C01D /* byTheWatersOfBabylon.mp3 */ = {isa = PBXFileReference; lastKnownFileType = audio.mp3; path = byTheWatersOfBabylon.mp3; sourceTree = "<group>"; };
		0EAC2B6D2B5062BB0068C01D /* byThisShallAllMenKnow.mp3 */ = {isa = PBXFileReference; lastKnownFileType = audio.mp3; path = byThisShallAllMenKnow.mp3; sourceTree = "<group>"; };
		0EAC2B6E2B5062BB0068C01D /* blowTheHornLetZionHear.mp3 */ = {isa = PBXFileReference; lastKnownFileType = audio.mp3; path = blowTheHornLetZionHear.mp3; sourceTree = "<group>"; };
		0EAC2B6F2B5062BB0068C01D /* howLovelyAreThyDwellings.mp3 */ = {isa = PBXFileReference; lastKnownFileType = audio.mp3; path = howLovelyAreThyDwellings.mp3; sourceTree = "<group>"; };
		0EAC2B702B5062BB0068C01D /* godSpeaksToUs.mp3 */ = {isa = PBXFileReference; lastKnownFileType = audio.mp3; path = godSpeaksToUs.mp3; sourceTree = "<group>"; };
		0EAC2B712B5062BB0068C01D /* itWontBeLongNow.mp3 */ = {isa = PBXFileReference; lastKnownFileType = audio.mp3; path = itWontBeLongNow.mp3; sourceTree = "<group>"; };
		0EAC2B722B5062BB0068C01D /* battleHymnOfTheRepublic.mp3 */ = {isa = PBXFileReference; lastKnownFileType = audio.mp3; path = battleHymnOfTheRepublic.mp3; sourceTree = "<group>"; };
		0EAC2B732B5062BB0068C01D /* theLordIsMyShepherd.mp3 */ = {isa = PBXFileReference; lastKnownFileType = audio.mp3; path = theLordIsMyShepherd.mp3; sourceTree = "<group>"; };
		0EAC2B752B5062BB0068C01D /* achievementChime.mp3 */ = {isa = PBXFileReference; lastKnownFileType = audio.mp3; path = achievementChime.mp3; sourceTree = "<group>"; };
		0EAC2B9A2B5062EB0068C01D /* Bible_JeopardyApp.swift */ = {isa = PBXFileReference; fileEncoding = 4; lastKnownFileType = sourcecode.swift; path = Bible_JeopardyApp.swift; sourceTree = "<group>"; };
		0EDC194B2BADF229009DC360 /* Bible Jeopardy (iPad).app */ = {isa = PBXFileReference; explicitFileType = wrapper.application; includeInIndex = 0; path = "Bible Jeopardy (iPad).app"; sourceTree = BUILT_PRODUCTS_DIR; };
		0EDC194D2BADF229009DC360 /* Bible_Jeopardy__iPad_App.swift */ = {isa = PBXFileReference; lastKnownFileType = sourcecode.swift; path = Bible_Jeopardy__iPad_App.swift; sourceTree = "<group>"; };
		0EDC19512BADF22A009DC360 /* Assets.xcassets */ = {isa = PBXFileReference; lastKnownFileType = folder.assetcatalog; path = Assets.xcassets; sourceTree = "<group>"; };
		0EDC19542BADF22A009DC360 /* Preview Assets.xcassets */ = {isa = PBXFileReference; lastKnownFileType = folder.assetcatalog; path = "Preview Assets.xcassets"; sourceTree = "<group>"; };
/* End PBXFileReference section */

/* Begin PBXFrameworksBuildPhase section */
		0EAC2B282B5041340068C01D /* Frameworks */ = {
			isa = PBXFrameworksBuildPhase;
			buildActionMask = 2147483647;
			files = (
			);
			runOnlyForDeploymentPostprocessing = 0;
		};
		0EDC19482BADF229009DC360 /* Frameworks */ = {
			isa = PBXFrameworksBuildPhase;
			buildActionMask = 2147483647;
			files = (
			);
			runOnlyForDeploymentPostprocessing = 0;
		};
/* End PBXFrameworksBuildPhase section */

/* Begin PBXGroup section */
		0EAC2B222B5041340068C01D = {
			isa = PBXGroup;
			children = (
				0EAC2B2D2B5041340068C01D /* Bible Jeopardy */,
				0EDC194C2BADF229009DC360 /* Bible Jeopardy (iPad) */,
				0EAC2B2C2B5041340068C01D /* Products */,
			);
			sourceTree = "<group>";
		};
		0EAC2B2C2B5041340068C01D /* Products */ = {
			isa = PBXGroup;
			children = (
				0EAC2B2B2B5041340068C01D /* Bible Jeopardy.app */,
				0EDC194B2BADF229009DC360 /* Bible Jeopardy (iPad).app */,
			);
			name = Products;
			sourceTree = "<group>";
		};
		0EAC2B2D2B5041340068C01D /* Bible Jeopardy */ = {
			isa = PBXGroup;
			children = (
				0EAC2B9A2B5062EB0068C01D /* Bible_JeopardyApp.swift */,
				0EAC2B9C2B50638E0068C01D /* Views */,
				0EAC2B9E2B5063AF0068C01D /* ViewModels */,
				0EAC2B9D2B5063A70068C01D /* Models */,
				0EAC2B522B5062BB0068C01D /* Categories */,
				0EAC2B682B5062BB0068C01D /* Hymns */,
				0EAC2B742B5062BB0068C01D /* Sound Effects */,
				0EAC2B442B5062610068C01D /* Assets.xcassets */,
				0EAC2B372B5041350068C01D /* Bible_Jeopardy.entitlements */,
				0EAC2B342B5041350068C01D /* Preview Content */,
			);
			path = "Bible Jeopardy";
			sourceTree = "<group>";
		};
		0EAC2B342B5041350068C01D /* Preview Content */ = {
			isa = PBXGroup;
			children = (
				0EAC2B352B5041350068C01D /* Preview Assets.xcassets */,
			);
			path = "Preview Content";
			sourceTree = "<group>";
		};
		0EAC2B522B5062BB0068C01D /* Categories */ = {
			isa = PBXGroup;
			children = (
				0EAC2B532B5062BB0068C01D /* LifeOfJesus.swift */,
				0EAC2B542B5062BB0068C01D /* Ruth.swift */,
				0EAC2B552B5062BB0068C01D /* BooksOfTheBible.swift */,
				0EAC2B562B5062BB0068C01D /* Joseph.swift */,
				0EAC2B572B5062BB0068C01D /* BibleHeroes.swift */,
				0EAC2B582B5062BB0068C01D /* Miracles.swift */,
				0EAC2B592B5062BB0068C01D /* Israel.swift */,
				0EAC2B5A2B5062BB0068C01D /* NameThatHymn.swift */,
				0EAC2B5B2B5062BB0068C01D /* Places.swift */,
				0EAC2B5C2B5062BB0068C01D /* EndTimes.swift */,
				0EAC2B5D2B5062BB0068C01D /* Esther.swift */,
				0EAC2B5E2B5062BB0068C01D /* Exodus.swift */,
				0EAC2B5F2B5062BB0068C01D /* Creation.swift */,
				0EAC2B602B5062BB0068C01D /* NewTestament.swift */,
				0EAC2B612B5062BB0068C01D /* BibleQuotes.swift */,
				0EAC2B622B5062BB0068C01D /* DavidAndSolomon.swift */,
				0EAC2B632B5062BB0068C01D /* BeforeIsrael.swift */,
				0EAC2B642B5062BB0068C01D /* AngelsAndDemons.swift */,
				0EAC2B652B5062BB0068C01D /* Prophesy.swift */,
				0EAC2B662B5062BB0068C01D /* Daniel.swift */,
			);
			path = Categories;
			sourceTree = "<group>";
		};
		0EAC2B682B5062BB0068C01D /* Hymns */ = {
			isa = PBXGroup;
			children = (
				0EAC2B692B5062BB0068C01D /* holyMightyMajesty.mp3 */,
				0EAC2B6A2B5062BB0068C01D /* blestAndHappyIsTheMan.mp3 */,
				0EAC2B6B2B5062BB0068C01D /* howGoodAndHowPleasant.mp3 */,
				0EAC2B6C2B5062BB0068C01D /* byTheWatersOfBabylon.mp3 */,
				0EAC2B6D2B5062BB0068C01D /* byThisShallAllMenKnow.mp3 */,
				0EAC2B6E2B5062BB0068C01D /* blowTheHornLetZionHear.mp3 */,
				0EAC2B6F2B5062BB0068C01D /* howLovelyAreThyDwellings.mp3 */,
				0EAC2B702B5062BB0068C01D /* godSpeaksToUs.mp3 */,
				0EAC2B712B5062BB0068C01D /* itWontBeLongNow.mp3 */,
				0EAC2B722B5062BB0068C01D /* battleHymnOfTheRepublic.mp3 */,
				0EAC2B732B5062BB0068C01D /* theLordIsMyShepherd.mp3 */,
			);
			path = Hymns;
			sourceTree = "<group>";
		};
		0EAC2B742B5062BB0068C01D /* Sound Effects */ = {
			isa = PBXGroup;
			children = (
				0EAC2B752B5062BB0068C01D /* achievementChime.mp3 */,
			);
			path = "Sound Effects";
			sourceTree = "<group>";
		};
		0EAC2B9C2B50638E0068C01D /* Views */ = {
			isa = PBXGroup;
			children = (
				0EAC2B4D2B5062830068C01D /* ContentView.swift */,
				0EAC2B3D2B5062600068C01D /* GameBoardView.swift */,
				0EAC2B422B5062610068C01D /* ManagerContentView.swift */,
				0EAC2B432B5062610068C01D /* ManagerGameBoardView.swift */,
				0EAC2B402B5062610068C01D /* MultiSelectPickerView.swift */,
				0EAC2B3E2B5062600068C01D /* SelectedCategoriesListView.swift */,
				0EAC2B3F2B5062610068C01D /* TitleView.swift */,
			);
			path = Views;
			sourceTree = "<group>";
		};
		0EAC2B9D2B5063A70068C01D /* Models */ = {
			isa = PBXGroup;
			children = (
				0EAC2B672B5062BB0068C01D /* Category.swift */,
				0EAC2B4F2B5062BB0068C01D /* Question.swift */,
				0EAC2B502B5062BB0068C01D /* Hymn.swift */,
			);
			path = Models;
			sourceTree = "<group>";
		};
		0EAC2B9E2B5063AF0068C01D /* ViewModels */ = {
			isa = PBXGroup;
			children = (
				0EAC2B412B5062610068C01D /* GameManager.swift */,
				0EAC2B512B5062BB0068C01D /* GameSettings.swift */,
			);
			path = ViewModels;
			sourceTree = "<group>";
		};
		0EDC194C2BADF229009DC360 /* Bible Jeopardy (iPad) */ = {
			isa = PBXGroup;
			children = (
				0EDC194D2BADF229009DC360 /* Bible_Jeopardy__iPad_App.swift */,
				0E03407D2BB9E52400BAEEB5 /* ManagerContentView.swift */,
				0E03407F2BB9E54700BAEEB5 /* ManagerGameBoardView.swift */,
				0E0340772BB9E3CC00BAEEB5 /* MultiSelectPickerView.swift */,
				0E03407B2BB9E41400BAEEB5 /* TitleView.swift */,
				0EDC19512BADF22A009DC360 /* Assets.xcassets */,
				0EDC19532BADF22A009DC360 /* Preview Content */,
			);
			path = "Bible Jeopardy (iPad)";
			sourceTree = "<group>";
		};
		0EDC19532BADF22A009DC360 /* Preview Content */ = {
			isa = PBXGroup;
			children = (
				0EDC19542BADF22A009DC360 /* Preview Assets.xcassets */,
			);
			path = "Preview Content";
			sourceTree = "<group>";
		};
/* End PBXGroup section */

/* Begin PBXNativeTarget section */
		0EAC2B2A2B5041340068C01D /* Bible Jeopardy */ = {
			isa = PBXNativeTarget;
			buildConfigurationList = 0EAC2B3A2B5041350068C01D /* Build configuration list for PBXNativeTarget "Bible Jeopardy" */;
			buildPhases = (
				0EAC2B272B5041340068C01D /* Sources */,
				0EAC2B282B5041340068C01D /* Frameworks */,
				0EAC2B292B5041340068C01D /* Resources */,
			);
			buildRules = (
			);
			dependencies = (
			);
			name = "Bible Jeopardy";
			productName = "Bible Jeopardy";
			productReference = 0EAC2B2B2B5041340068C01D /* Bible Jeopardy.app */;
			productType = "com.apple.product-type.application";
		};
		0EDC194A2BADF229009DC360 /* Bible Jeopardy (iPad) */ = {
			isa = PBXNativeTarget;
			buildConfigurationList = 0EDC19582BADF22A009DC360 /* Build configuration list for PBXNativeTarget "Bible Jeopardy (iPad)" */;
			buildPhases = (
				0EDC19472BADF229009DC360 /* Sources */,
				0EDC19482BADF229009DC360 /* Frameworks */,
				0EDC19492BADF229009DC360 /* Resources */,
			);
			buildRules = (
			);
			dependencies = (
			);
			name = "Bible Jeopardy (iPad)";
			productName = "Bible Jeopardy (iPad)";
			productReference = 0EDC194B2BADF229009DC360 /* Bible Jeopardy (iPad).app */;
			productType = "com.apple.product-type.application";
		};
/* End PBXNativeTarget section */

/* Begin PBXProject section */
		0EAC2B232B5041340068C01D /* Project object */ = {
			isa = PBXProject;
			attributes = {
				BuildIndependentTargetsInParallel = 1;
				LastSwiftUpdateCheck = 1530;
				LastUpgradeCheck = 1530;
				TargetAttributes = {
					0EAC2B2A2B5041340068C01D = {
						CreatedOnToolsVersion = 15.2;
					};
					0EDC194A2BADF229009DC360 = {
						CreatedOnToolsVersion = 15.3;
					};
				};
			};
			buildConfigurationList = 0EAC2B262B5041340068C01D /* Build configuration list for PBXProject "Bible Jeopardy" */;
			compatibilityVersion = "Xcode 14.0";
			developmentRegion = en;
			hasScannedForEncodings = 0;
			knownRegions = (
				en,
				Base,
			);
			mainGroup = 0EAC2B222B5041340068C01D;
			productRefGroup = 0EAC2B2C2B5041340068C01D /* Products */;
			projectDirPath = "";
			projectRoot = "";
			targets = (
				0EAC2B2A2B5041340068C01D /* Bible Jeopardy */,
				0EDC194A2BADF229009DC360 /* Bible Jeopardy (iPad) */,
			);
		};
/* End PBXProject section */

/* Begin PBXResourcesBuildPhase section */
		0EAC2B292B5041340068C01D /* Resources */ = {
			isa = PBXResourcesBuildPhase;
			buildActionMask = 2147483647;
			files = (
				0EAC2B362B5041350068C01D /* Preview Assets.xcassets in Resources */,
				0EAC2B952B5062BC0068C01D /* godSpeaksToUs.mp3 in Resources */,
				0EAC2B932B5062BC0068C01D /* blowTheHornLetZionHear.mp3 in Resources */,
				0EAC2B8E2B5062BC0068C01D /* holyMightyMajesty.mp3 in Resources */,
				0EAC2B962B5062BC0068C01D /* itWontBeLongNow.mp3 in Resources */,
				0EAC2B912B5062BC0068C01D /* byTheWatersOfBabylon.mp3 in Resources */,
				0EAC2B902B5062BC0068C01D /* howGoodAndHowPleasant.mp3 in Resources */,
				0EAC2B942B5062BC0068C01D /* howLovelyAreThyDwellings.mp3 in Resources */,
				0EAC2B4C2B5062610068C01D /* Assets.xcassets in Resources */,
				0EAC2B972B5062BC0068C01D /* battleHymnOfTheRepublic.mp3 in Resources */,
				0EAC2B922B5062BC0068C01D /* byThisShallAllMenKnow.mp3 in Resources */,
				0EAC2B992B5062BC0068C01D /* achievementChime.mp3 in Resources */,
				0EAC2B982B5062BC0068C01D /* theLordIsMyShepherd.mp3 in Resources */,
				0EAC2B8F2B5062BC0068C01D /* blestAndHappyIsTheMan.mp3 in Resources */,
			);
			runOnlyForDeploymentPostprocessing = 0;
		};
		0EDC19492BADF229009DC360 /* Resources */ = {
			isa = PBXResourcesBuildPhase;
			buildActionMask = 2147483647;
			files = (
				0EDC19552BADF22A009DC360 /* Preview Assets.xcassets in Resources */,
				0E0340502BB9E2AE00BAEEB5 /* holyMightyMajesty.mp3 in Resources */,
				0E0340512BB9E2AE00BAEEB5 /* blestAndHappyIsTheMan.mp3 in Resources */,
				0E0340522BB9E2AE00BAEEB5 /* battleHymnOfTheRepublic.mp3 in Resources */,
				0E0340532BB9E2AE00BAEEB5 /* howLovelyAreThyDwellings.mp3 in Resources */,
				0E0340542BB9E2AE00BAEEB5 /* achievementChime.mp3 in Resources */,
				0E0340552BB9E2AE00BAEEB5 /* howGoodAndHowPleasant.mp3 in Resources */,
				0E0340562BB9E2AE00BAEEB5 /* byThisShallAllMenKnow.mp3 in Resources */,
				0E0340572BB9E2AE00BAEEB5 /* blowTheHornLetZionHear.mp3 in Resources */,
				0E0340582BB9E2AE00BAEEB5 /* theLordIsMyShepherd.mp3 in Resources */,
				0E0340592BB9E2AE00BAEEB5 /* godSpeaksToUs.mp3 in Resources */,
				0E03405A2BB9E2AE00BAEEB5 /* itWontBeLongNow.mp3 in Resources */,
				0E03405B2BB9E2AE00BAEEB5 /* byTheWatersOfBabylon.mp3 in Resources */,
				0EDC19522BADF22A009DC360 /* Assets.xcassets in Resources */,
			);
			runOnlyForDeploymentPostprocessing = 0;
		};
/* End PBXResourcesBuildPhase section */

/* Begin PBXSourcesBuildPhase section */
		0EAC2B272B5041340068C01D /* Sources */ = {
			isa = PBXSourcesBuildPhase;
			buildActionMask = 2147483647;
			files = (
				0EAC2B7C2B5062BB0068C01D /* Joseph.swift in Sources */,
				0EAC2B7D2B5062BB0068C01D /* BibleHeroes.swift in Sources */,
				0EAC2B8A2B5062BC0068C01D /* AngelsAndDemons.swift in Sources */,
				0EAC2B772B5062BB0068C01D /* Hymn.swift in Sources */,
				0EAC2B462B5062610068C01D /* SelectedCategoriesListView.swift in Sources */,
				0EAC2B7B2B5062BB0068C01D /* BooksOfTheBible.swift in Sources */,
				0EAC2B882B5062BC0068C01D /* DavidAndSolomon.swift in Sources */,
				0EAC2B492B5062610068C01D /* GameManager.swift in Sources */,
				0EAC2B7F2B5062BB0068C01D /* Israel.swift in Sources */,
				0EAC2B872B5062BC0068C01D /* BibleQuotes.swift in Sources */,
				0EAC2B822B5062BC0068C01D /* EndTimes.swift in Sources */,
				0EAC2B4A2B5062610068C01D /* ManagerContentView.swift in Sources */,
				0EAC2B852B5062BC0068C01D /* Creation.swift in Sources */,
				0EAC2B8B2B5062BC0068C01D /* Prophesy.swift in Sources */,
				0EAC2B452B5062610068C01D /* GameBoardView.swift in Sources */,
				0EAC2B762B5062BB0068C01D /* Question.swift in Sources */,
				0EAC2B832B5062BC0068C01D /* Esther.swift in Sources */,
				0EAC2B802B5062BC0068C01D /* NameThatHymn.swift in Sources */,
				0EAC2B792B5062BB0068C01D /* LifeOfJesus.swift in Sources */,
				0EAC2B8C2B5062BC0068C01D /* Daniel.swift in Sources */,
				0EAC2B862B5062BC0068C01D /* NewTestament.swift in Sources */,
				0EAC2B7A2B5062BB0068C01D /* Ruth.swift in Sources */,
				0EAC2B4E2B5062830068C01D /* ContentView.swift in Sources */,
				0EAC2B7E2B5062BB0068C01D /* Miracles.swift in Sources */,
				0EAC2B782B5062BB0068C01D /* GameSettings.swift in Sources */,
				0EAC2B812B5062BC0068C01D /* Places.swift in Sources */,
				0EAC2B482B5062610068C01D /* MultiSelectPickerView.swift in Sources */,
				0EAC2B892B5062BC0068C01D /* BeforeIsrael.swift in Sources */,
				0EAC2B472B5062610068C01D /* TitleView.swift in Sources */,
				0EAC2B9B2B5062EB0068C01D /* Bible_JeopardyApp.swift in Sources */,
				0EAC2B4B2B5062610068C01D /* ManagerGameBoardView.swift in Sources */,
				0EAC2B842B5062BC0068C01D /* Exodus.swift in Sources */,
				0EAC2B8D2B5062BC0068C01D /* Category.swift in Sources */,
			);
			runOnlyForDeploymentPostprocessing = 0;
		};
		0EDC19472BADF229009DC360 /* Sources */ = {
			isa = PBXSourcesBuildPhase;
			buildActionMask = 2147483647;
			files = (
				0E03405C2BB9E2AE00BAEEB5 /* Hymn.swift in Sources */,
				0E03405D2BB9E2AE00BAEEB5 /* BooksOfTheBible.swift in Sources */,
				0E03405E2BB9E2AE00BAEEB5 /* Miracles.swift in Sources */,
				0E03407E2BB9E52400BAEEB5 /* ManagerContentView.swift in Sources */,
				0E03405F2BB9E2AE00BAEEB5 /* Israel.swift in Sources */,
				0E03407C2BB9E41400BAEEB5 /* TitleView.swift in Sources */,
				0E0340602BB9E2AE00BAEEB5 /* NewTestament.swift in Sources */,
				0E0340612BB9E2AE00BAEEB5 /* DavidAndSolomon.swift in Sources */,
				0E0340622BB9E2AE00BAEEB5 /* Joseph.swift in Sources */,
				0E0340632BB9E2AE00BAEEB5 /* Ruth.swift in Sources */,
				0E0340802BB9E54700BAEEB5 /* ManagerGameBoardView.swift in Sources */,
				0E0340642BB9E2AE00BAEEB5 /* Places.swift in Sources */,
				0E0340652BB9E2AE00BAEEB5 /* Creation.swift in Sources */,
				0E0340662BB9E2AE00BAEEB5 /* BibleHeroes.swift in Sources */,
				0E0340672BB9E2AE00BAEEB5 /* Category.swift in Sources */,
				0E0340682BB9E2AE00BAEEB5 /* EndTimes.swift in Sources */,
				0E0340692BB9E2AE00BAEEB5 /* GameManager.swift in Sources */,
				0E03406A2BB9E2AE00BAEEB5 /* NameThatHymn.swift in Sources */,
				0E03406B2BB9E2AE00BAEEB5 /* BeforeIsrael.swift in Sources */,
				0E03406C2BB9E2AE00BAEEB5 /* AngelsAndDemons.swift in Sources */,
				0E03406D2BB9E2AE00BAEEB5 /* Daniel.swift in Sources */,
				0E03406E2BB9E2AE00BAEEB5 /* Exodus.swift in Sources */,
				0E0340782BB9E3CC00BAEEB5 /* MultiSelectPickerView.swift in Sources */,
				0E03406F2BB9E2AE00BAEEB5 /* BibleQuotes.swift in Sources */,
				0E0340702BB9E2AE00BAEEB5 /* Prophesy.swift in Sources */,
				0E0340712BB9E2AE00BAEEB5 /* Question.swift in Sources */,
				0E0340722BB9E2AE00BAEEB5 /* GameSettings.swift in Sources */,
				0E0340732BB9E2AE00BAEEB5 /* LifeOfJesus.swift in Sources */,
				0E0340742BB9E2AE00BAEEB5 /* Esther.swift in Sources */,
				0EDC194E2BADF229009DC360 /* Bible_Jeopardy__iPad_App.swift in Sources */,
			);
			runOnlyForDeploymentPostprocessing = 0;
		};
/* End PBXSourcesBuildPhase section */

/* Begin XCBuildConfiguration section */
		0EAC2B382B5041350068C01D /* Debug */ = {
			isa = XCBuildConfiguration;
			buildSettings = {
				ALWAYS_SEARCH_USER_PATHS = NO;
				ASSETCATALOG_COMPILER_GENERATE_SWIFT_ASSET_SYMBOL_EXTENSIONS = YES;
				CLANG_ANALYZER_NONNULL = YES;
				CLANG_ANALYZER_NUMBER_OBJECT_CONVERSION = YES_AGGRESSIVE;
				CLANG_CXX_LANGUAGE_STANDARD = "gnu++20";
				CLANG_ENABLE_MODULES = YES;
				CLANG_ENABLE_OBJC_ARC = YES;
				CLANG_ENABLE_OBJC_WEAK = YES;
				CLANG_WARN_BLOCK_CAPTURE_AUTORELEASING = YES;
				CLANG_WARN_BOOL_CONVERSION = YES;
				CLANG_WARN_COMMA = YES;
				CLANG_WARN_CONSTANT_CONVERSION = YES;
				CLANG_WARN_DEPRECATED_OBJC_IMPLEMENTATIONS = YES;
				CLANG_WARN_DIRECT_OBJC_ISA_USAGE = YES_ERROR;
				CLANG_WARN_DOCUMENTATION_COMMENTS = YES;
				CLANG_WARN_EMPTY_BODY = YES;
				CLANG_WARN_ENUM_CONVERSION = YES;
				CLANG_WARN_INFINITE_RECURSION = YES;
				CLANG_WARN_INT_CONVERSION = YES;
				CLANG_WARN_NON_LITERAL_NULL_CONVERSION = YES;
				CLANG_WARN_OBJC_IMPLICIT_RETAIN_SELF = YES;
				CLANG_WARN_OBJC_LITERAL_CONVERSION = YES;
				CLANG_WARN_OBJC_ROOT_CLASS = YES_ERROR;
				CLANG_WARN_QUOTED_INCLUDE_IN_FRAMEWORK_HEADER = YES;
				CLANG_WARN_RANGE_LOOP_ANALYSIS = YES;
				CLANG_WARN_STRICT_PROTOTYPES = YES;
				CLANG_WARN_SUSPICIOUS_MOVE = YES;
				CLANG_WARN_UNGUARDED_AVAILABILITY = YES_AGGRESSIVE;
				CLANG_WARN_UNREACHABLE_CODE = YES;
				CLANG_WARN__DUPLICATE_METHOD_MATCH = YES;
				COPY_PHASE_STRIP = NO;
				DEAD_CODE_STRIPPING = YES;
				DEBUG_INFORMATION_FORMAT = dwarf;
				ENABLE_STRICT_OBJC_MSGSEND = YES;
				ENABLE_TESTABILITY = YES;
				ENABLE_USER_SCRIPT_SANDBOXING = YES;
				GCC_C_LANGUAGE_STANDARD = gnu17;
				GCC_DYNAMIC_NO_PIC = NO;
				GCC_NO_COMMON_BLOCKS = YES;
				GCC_OPTIMIZATION_LEVEL = 0;
				GCC_PREPROCESSOR_DEFINITIONS = (
					"DEBUG=1",
					"$(inherited)",
				);
				GCC_WARN_64_TO_32_BIT_CONVERSION = YES;
				GCC_WARN_ABOUT_RETURN_TYPE = YES_ERROR;
				GCC_WARN_UNDECLARED_SELECTOR = YES;
				GCC_WARN_UNINITIALIZED_AUTOS = YES_AGGRESSIVE;
				GCC_WARN_UNUSED_FUNCTION = YES;
				GCC_WARN_UNUSED_VARIABLE = YES;
				LOCALIZATION_PREFERS_STRING_CATALOGS = YES;
				MACOSX_DEPLOYMENT_TARGET = 13.0;
				MTL_ENABLE_DEBUG_INFO = INCLUDE_SOURCE;
				MTL_FAST_MATH = YES;
				ONLY_ACTIVE_ARCH = YES;
				SDKROOT = macosx;
				SWIFT_ACTIVE_COMPILATION_CONDITIONS = "DEBUG $(inherited)";
				SWIFT_OPTIMIZATION_LEVEL = "-Onone";
			};
			name = Debug;
		};
		0EAC2B392B5041350068C01D /* Release */ = {
			isa = XCBuildConfiguration;
			buildSettings = {
				ALWAYS_SEARCH_USER_PATHS = NO;
				ASSETCATALOG_COMPILER_GENERATE_SWIFT_ASSET_SYMBOL_EXTENSIONS = YES;
				CLANG_ANALYZER_NONNULL = YES;
				CLANG_ANALYZER_NUMBER_OBJECT_CONVERSION = YES_AGGRESSIVE;
				CLANG_CXX_LANGUAGE_STANDARD = "gnu++20";
				CLANG_ENABLE_MODULES = YES;
				CLANG_ENABLE_OBJC_ARC = YES;
				CLANG_ENABLE_OBJC_WEAK = YES;
				CLANG_WARN_BLOCK_CAPTURE_AUTORELEASING = YES;
				CLANG_WARN_BOOL_CONVERSION = YES;
				CLANG_WARN_COMMA = YES;
				CLANG_WARN_CONSTANT_CONVERSION = YES;
				CLANG_WARN_DEPRECATED_OBJC_IMPLEMENTATIONS = YES;
				CLANG_WARN_DIRECT_OBJC_ISA_USAGE = YES_ERROR;
				CLANG_WARN_DOCUMENTATION_COMMENTS = YES;
				CLANG_WARN_EMPTY_BODY = YES;
				CLANG_WARN_ENUM_CONVERSION = YES;
				CLANG_WARN_INFINITE_RECURSION = YES;
				CLANG_WARN_INT_CONVERSION = YES;
				CLANG_WARN_NON_LITERAL_NULL_CONVERSION = YES;
				CLANG_WARN_OBJC_IMPLICIT_RETAIN_SELF = YES;
				CLANG_WARN_OBJC_LITERAL_CONVERSION = YES;
				CLANG_WARN_OBJC_ROOT_CLASS = YES_ERROR;
				CLANG_WARN_QUOTED_INCLUDE_IN_FRAMEWORK_HEADER = YES;
				CLANG_WARN_RANGE_LOOP_ANALYSIS = YES;
				CLANG_WARN_STRICT_PROTOTYPES = YES;
				CLANG_WARN_SUSPICIOUS_MOVE = YES;
				CLANG_WARN_UNGUARDED_AVAILABILITY = YES_AGGRESSIVE;
				CLANG_WARN_UNREACHABLE_CODE = YES;
				CLANG_WARN__DUPLICATE_METHOD_MATCH = YES;
				COPY_PHASE_STRIP = NO;
				DEAD_CODE_STRIPPING = YES;
				DEBUG_INFORMATION_FORMAT = "dwarf-with-dsym";
				ENABLE_NS_ASSERTIONS = NO;
				ENABLE_STRICT_OBJC_MSGSEND = YES;
				ENABLE_USER_SCRIPT_SANDBOXING = YES;
				GCC_C_LANGUAGE_STANDARD = gnu17;
				GCC_NO_COMMON_BLOCKS = YES;
				GCC_WARN_64_TO_32_BIT_CONVERSION = YES;
				GCC_WARN_ABOUT_RETURN_TYPE = YES_ERROR;
				GCC_WARN_UNDECLARED_SELECTOR = YES;
				GCC_WARN_UNINITIALIZED_AUTOS = YES_AGGRESSIVE;
				GCC_WARN_UNUSED_FUNCTION = YES;
				GCC_WARN_UNUSED_VARIABLE = YES;
				LOCALIZATION_PREFERS_STRING_CATALOGS = YES;
				MACOSX_DEPLOYMENT_TARGET = 13.0;
				MTL_ENABLE_DEBUG_INFO = NO;
				MTL_FAST_MATH = YES;
				SDKROOT = macosx;
				SWIFT_COMPILATION_MODE = wholemodule;
			};
			name = Release;
		};
		0EAC2B3B2B5041350068C01D /* Debug */ = {
			isa = XCBuildConfiguration;
			buildSettings = {
				ASSETCATALOG_COMPILER_APPICON_NAME = AppIcon;
				ASSETCATALOG_COMPILER_GLOBAL_ACCENT_COLOR_NAME = AccentColor;
				CODE_SIGN_ENTITLEMENTS = "Bible Jeopardy/Bible_Jeopardy.entitlements";
				CODE_SIGN_STYLE = Automatic;
				COMBINE_HIDPI_IMAGES = YES;
				CURRENT_PROJECT_VERSION = 1;
				DEAD_CODE_STRIPPING = YES;
				DEVELOPMENT_ASSET_PATHS = "\"Bible Jeopardy/Preview Content\"";
				DEVELOPMENT_TEAM = 6G8ZYP2B49;
				ENABLE_HARDENED_RUNTIME = YES;
				ENABLE_PREVIEWS = YES;
				GENERATE_INFOPLIST_FILE = YES;
				INFOPLIST_KEY_LSApplicationCategoryType = "public.app-category.trivia-games";
				INFOPLIST_KEY_NSHumanReadableCopyright = "";
				LD_RUNPATH_SEARCH_PATHS = (
					"$(inherited)",
					"@executable_path/../Frameworks",
				);
				MACOSX_DEPLOYMENT_TARGET = 13.0;
				MARKETING_VERSION = 1.0;
				PRODUCT_BUNDLE_IDENTIFIER = "com.awilson-dev.bible-jeopardy";
				PRODUCT_NAME = "$(TARGET_NAME)";
				SWIFT_EMIT_LOC_STRINGS = YES;
				SWIFT_VERSION = 5.0;
			};
			name = Debug;
		};
		0EAC2B3C2B5041350068C01D /* Release */ = {
			isa = XCBuildConfiguration;
			buildSettings = {
				ASSETCATALOG_COMPILER_APPICON_NAME = AppIcon;
				ASSETCATALOG_COMPILER_GLOBAL_ACCENT_COLOR_NAME = AccentColor;
				CODE_SIGN_ENTITLEMENTS = "Bible Jeopardy/Bible_Jeopardy.entitlements";
				CODE_SIGN_STYLE = Automatic;
				COMBINE_HIDPI_IMAGES = YES;
				CURRENT_PROJECT_VERSION = 1;
				DEAD_CODE_STRIPPING = YES;
				DEVELOPMENT_ASSET_PATHS = "\"Bible Jeopardy/Preview Content\"";
				DEVELOPMENT_TEAM = 6G8ZYP2B49;
				ENABLE_HARDENED_RUNTIME = YES;
				ENABLE_PREVIEWS = YES;
				GENERATE_INFOPLIST_FILE = YES;
				INFOPLIST_KEY_LSApplicationCategoryType = "public.app-category.trivia-games";
				INFOPLIST_KEY_NSHumanReadableCopyright = "";
				LD_RUNPATH_SEARCH_PATHS = (
					"$(inherited)",
					"@executable_path/../Frameworks",
				);
				MACOSX_DEPLOYMENT_TARGET = 13.0;
				MARKETING_VERSION = 1.0;
				PRODUCT_BUNDLE_IDENTIFIER = "com.awilson-dev.bible-jeopardy";
				PRODUCT_NAME = "$(TARGET_NAME)";
				SWIFT_EMIT_LOC_STRINGS = YES;
				SWIFT_VERSION = 5.0;
			};
			name = Release;
		};
		0EDC19562BADF22A009DC360 /* Debug */ = {
			isa = XCBuildConfiguration;
			buildSettings = {
				ASSETCATALOG_COMPILER_APPICON_NAME = AppIcon;
				ASSETCATALOG_COMPILER_GLOBAL_ACCENT_COLOR_NAME = AccentColor;
				CODE_SIGN_STYLE = Automatic;
				CURRENT_PROJECT_VERSION = 1;
				DEVELOPMENT_ASSET_PATHS = "\"Bible Jeopardy (iPad)/Preview Content\"";
				DEVELOPMENT_TEAM = 9PU82PN8AU;
				ENABLE_PREVIEWS = YES;
				GENERATE_INFOPLIST_FILE = YES;
				INFOPLIST_KEY_CFBundleDisplayName = "Bible Jeopardy";
				INFOPLIST_KEY_LSApplicationCategoryType = "public.app-category.trivia-games";
				INFOPLIST_KEY_UIApplicationSceneManifest_Generation = YES;
				INFOPLIST_KEY_UIApplicationSupportsIndirectInputEvents = YES;
				INFOPLIST_KEY_UILaunchScreen_Generation = YES;
				INFOPLIST_KEY_UISupportedInterfaceOrientations = "UIInterfaceOrientationLandscapeLeft UIInterfaceOrientationLandscapeRight";
				IPHONEOS_DEPLOYMENT_TARGET = 17.4;
				LD_RUNPATH_SEARCH_PATHS = (
					"$(inherited)",
					"@executable_path/Frameworks",
				);
				MARKETING_VERSION = 1.0;
				PRODUCT_BUNDLE_IDENTIFIER = "com.awilson-dev.Bible-Jeopardy--iPad-";
				PRODUCT_NAME = "$(TARGET_NAME)";
				SDKROOT = iphoneos;
				SUPPORTED_PLATFORMS = "iphoneos iphonesimulator";
				SUPPORTS_MACCATALYST = NO;
				SUPPORTS_MAC_DESIGNED_FOR_IPHONE_IPAD = NO;
				SUPPORTS_XR_DESIGNED_FOR_IPHONE_IPAD = NO;
				SWIFT_EMIT_LOC_STRINGS = YES;
				SWIFT_VERSION = 5.0;
				TARGETED_DEVICE_FAMILY = "1,2";
			};
			name = Debug;
		};
		0EDC19572BADF22A009DC360 /* Release */ = {
			isa = XCBuildConfiguration;
			buildSettings = {
				ASSETCATALOG_COMPILER_APPICON_NAME = AppIcon;
				ASSETCATALOG_COMPILER_GLOBAL_ACCENT_COLOR_NAME = AccentColor;
				CODE_SIGN_STYLE = Automatic;
				CURRENT_PROJECT_VERSION = 1;
				DEVELOPMENT_ASSET_PATHS = "\"Bible Jeopardy (iPad)/Preview Content\"";
				DEVELOPMENT_TEAM = 9PU82PN8AU;
				ENABLE_PREVIEWS = YES;
				GENERATE_INFOPLIST_FILE = YES;
				INFOPLIST_KEY_CFBundleDisplayName = "Bible Jeopardy";
				INFOPLIST_KEY_LSApplicationCategoryType = "public.app-category.trivia-games";
				INFOPLIST_KEY_UIApplicationSceneManifest_Generation = YES;
				INFOPLIST_KEY_UIApplicationSupportsIndirectInputEvents = YES;
				INFOPLIST_KEY_UILaunchScreen_Generation = YES;
				INFOPLIST_KEY_UISupportedInterfaceOrientations = "UIInterfaceOrientationLandscapeLeft UIInterfaceOrientationLandscapeRight";
				IPHONEOS_DEPLOYMENT_TARGET = 17.4;
				LD_RUNPATH_SEARCH_PATHS = (
					"$(inherited)",
					"@executable_path/Frameworks",
				);
				MARKETING_VERSION = 1.0;
				PRODUCT_BUNDLE_IDENTIFIER = "com.awilson-dev.Bible-Jeopardy--iPad-";
				PRODUCT_NAME = "$(TARGET_NAME)";
				SDKROOT = iphoneos;
				SUPPORTED_PLATFORMS = "iphoneos iphonesimulator";
				SUPPORTS_MACCATALYST = NO;
				SUPPORTS_MAC_DESIGNED_FOR_IPHONE_IPAD = NO;
				SUPPORTS_XR_DESIGNED_FOR_IPHONE_IPAD = NO;
				SWIFT_EMIT_LOC_STRINGS = YES;
				SWIFT_VERSION = 5.0;
				TARGETED_DEVICE_FAMILY = "1,2";
				VALIDATE_PRODUCT = YES;
			};
			name = Release;
		};
/* End XCBuildConfiguration section */

/* Begin XCConfigurationList section */
		0EAC2B262B5041340068C01D /* Build configuration list for PBXProject "Bible Jeopardy" */ = {
			isa = XCConfigurationList;
			buildConfigurations = (
				0EAC2B382B5041350068C01D /* Debug */,
				0EAC2B392B5041350068C01D /* Release */,
			);
			defaultConfigurationIsVisible = 0;
			defaultConfigurationName = Release;
		};
		0EAC2B3A2B5041350068C01D /* Build configuration list for PBXNativeTarget "Bible Jeopardy" */ = {
			isa = XCConfigurationList;
			buildConfigurations = (
				0EAC2B3B2B5041350068C01D /* Debug */,
				0EAC2B3C2B5041350068C01D /* Release */,
			);
			defaultConfigurationIsVisible = 0;
			defaultConfigurationName = Release;
		};
		0EDC19582BADF22A009DC360 /* Build configuration list for PBXNativeTarget "Bible Jeopardy (iPad)" */ = {
			isa = XCConfigurationList;
			buildConfigurations = (
				0EDC19562BADF22A009DC360 /* Debug */,
				0EDC19572BADF22A009DC360 /* Release */,
			);
			defaultConfigurationIsVisible = 0;
			defaultConfigurationName = Release;
		};
/* End XCConfigurationList section */
	};
	rootObject = 0EAC2B232B5041340068C01D /* Project object */;
}
